PODS:
  - FSCalendar (0.9.3)
  - SnapKit (0.13.0)
  - SwiftMoment (0.1.2)

DEPENDENCIES:
  - FSCalendar
  - SnapKit (~> 0.13)
  - SwiftMoment

SPEC CHECKSUMS:
  FSCalendar: 82450e266009a3f564c83417744a17620a1284d1
  SnapKit: 69fe274c71511df89a5591c11437a8b826bfa9eb
  SwiftMoment: a439fccf86c8f3367557e406204c93ec1269c8c5

COCOAPODS: 0.38.2
