// !$*UTF8*$!
{
	archiveVersion = 1;
	classes = {
	};
	objectVersion = 46;
	objects = {

/* Begin PBXBuildFile section */
		97415ADE1B7847AE00326239 /* NewspaperPageCell.swift in Sources */ = {isa = PBXBuildFile; fileRef = 97415ADD1B7847AE00326239 /* NewspaperPageCell.swift */; };
		97415AE01B784DB700326239 /* NewspaperPageFocusSegue.swift in Sources */ = {isa = PBXBuildFile; fileRef = 97415ADF1B784DB700326239 /* NewspaperPageFocusSegue.swift */; };
		97415AE21B785AAE00326239 /* NewspaperPageUnfocusSegue.swift in Sources */ = {isa = PBXBuildFile; fileRef = 97415AE11B785AAE00326239 /* NewspaperPageUnfocusSegue.swift */; };
		97415AE41B785D8400326239 /* CustomSegueNavigationController.swift in Sources */ = {isa = PBXBuildFile; fileRef = 97415AE31B785D8400326239 /* CustomSegueNavigationController.swift */; };
		975914AA1B7A47C40031BD13 /* SearchResultsPageCell.swift in Sources */ = {isa = PBXBuildFile; fileRef = 975914A91B7A47C40031BD13 /* SearchResultsPageCell.swift */; };
		978741471B7832660014D1F0 /* NewspaperPagesDataSource.swift in Sources */ = {isa = PBXBuildFile; fileRef = 978741461B7832660014D1F0 /* NewspaperPagesDataSource.swift */; };
		9787414B1B7835C30014D1F0 /* NewspaperPagesPreviewDelegate.swift in Sources */ = {isa = PBXBuildFile; fileRef = 9787414A1B7835C30014D1F0 /* NewspaperPagesPreviewDelegate.swift */; };
		97BDE1151B76ED6B00A3E57F /* AppDelegate.swift in Sources */ = {isa = PBXBuildFile; fileRef = 97BDE1141B76ED6B00A3E57F /* AppDelegate.swift */; };
		97BDE1171B76ED6B00A3E57F /* MasterViewController.swift in Sources */ = {isa = PBXBuildFile; fileRef = 97BDE1161B76ED6B00A3E57F /* MasterViewController.swift */; };
		97BDE1191B76ED6B00A3E57F /* NewspaperIssuesViewController.swift in Sources */ = {isa = PBXBuildFile; fileRef = 97BDE1181B76ED6B00A3E57F /* NewspaperIssuesViewController.swift */; };
		97BDE11C1B76ED6B00A3E57F /* Main.storyboard in Resources */ = {isa = PBXBuildFile; fileRef = 97BDE11A1B76ED6B00A3E57F /* Main.storyboard */; };
		97BDE11E1B76ED6B00A3E57F /* Images.xcassets in Resources */ = {isa = PBXBuildFile; fileRef = 97BDE11D1B76ED6B00A3E57F /* Images.xcassets */; };
		97BDE1211B76ED6B00A3E57F /* LaunchScreen.xib in Resources */ = {isa = PBXBuildFile; fileRef = 97BDE11F1B76ED6B00A3E57F /* LaunchScreen.xib */; };
		97BDE12D1B76ED6B00A3E57F /* AmericanChronicleTests.swift in Sources */ = {isa = PBXBuildFile; fileRef = 97BDE12C1B76ED6B00A3E57F /* AmericanChronicleTests.swift */; };
		97BDE1371B76F84F00A3E57F /* SearchViewController.swift in Sources */ = {isa = PBXBuildFile; fileRef = 97BDE1361B76F84F00A3E57F /* SearchViewController.swift */; };
		97BDE1391B7703CA00A3E57F /* PageViewController.swift in Sources */ = {isa = PBXBuildFile; fileRef = 97BDE1381B7703CA00A3E57F /* PageViewController.swift */; };
		97BDE13B1B771B4800A3E57F /* NewspaperPagesViewController.swift in Sources */ = {isa = PBXBuildFile; fileRef = 97BDE13A1B771B4800A3E57F /* NewspaperPagesViewController.swift */; };
		97BE674A1B7B004B00761033 /* SearchFiltersViewController.swift in Sources */ = {isa = PBXBuildFile; fileRef = 97BE67491B7B004B00761033 /* SearchFiltersViewController.swift */; };
/* End PBXBuildFile section */

/* Begin PBXContainerItemProxy section */
		97BDE1271B76ED6B00A3E57F /* PBXContainerItemProxy */ = {
			isa = PBXContainerItemProxy;
			containerPortal = 97BDE1071B76ED6B00A3E57F /* Project object */;
			proxyType = 1;
			remoteGlobalIDString = 97BDE10E1B76ED6B00A3E57F;
			remoteInfo = AmericanChronicle;
		};
/* End PBXContainerItemProxy section */

/* Begin PBXFileReference section */
		97415ADD1B7847AE00326239 /* NewspaperPageCell.swift */ = {isa = PBXFileReference; fileEncoding = 4; lastKnownFileType = sourcecode.swift; path = NewspaperPageCell.swift; sourceTree = "<group>"; };
		97415ADF1B784DB700326239 /* NewspaperPageFocusSegue.swift */ = {isa = PBXFileReference; fileEncoding = 4; lastKnownFileType = sourcecode.swift; path = NewspaperPageFocusSegue.swift; sourceTree = "<group>"; };
		97415AE11B785AAE00326239 /* NewspaperPageUnfocusSegue.swift */ = {isa = PBXFileReference; fileEncoding = 4; lastKnownFileType = sourcecode.swift; path = NewspaperPageUnfocusSegue.swift; sourceTree = "<group>"; };
		97415AE31B785D8400326239 /* CustomSegueNavigationController.swift */ = {isa = PBXFileReference; fileEncoding = 4; lastKnownFileType = sourcecode.swift; path = CustomSegueNavigationController.swift; sourceTree = "<group>"; };
		975914A91B7A47C40031BD13 /* SearchResultsPageCell.swift */ = {isa = PBXFileReference; fileEncoding = 4; lastKnownFileType = sourcecode.swift; path = SearchResultsPageCell.swift; sourceTree = "<group>"; };
		978741461B7832660014D1F0 /* NewspaperPagesDataSource.swift */ = {isa = PBXFileReference; fileEncoding = 4; lastKnownFileType = sourcecode.swift; path = NewspaperPagesDataSource.swift; sourceTree = "<group>"; };
		9787414A1B7835C30014D1F0 /* NewspaperPagesPreviewDelegate.swift */ = {isa = PBXFileReference; fileEncoding = 4; lastKnownFileType = sourcecode.swift; path = NewspaperPagesPreviewDelegate.swift; sourceTree = "<group>"; };
		97BDE10F1B76ED6B00A3E57F /* AmericanChronicle.app */ = {isa = PBXFileReference; explicitFileType = wrapper.application; includeInIndex = 0; path = AmericanChronicle.app; sourceTree = BUILT_PRODUCTS_DIR; };
		97BDE1131B76ED6B00A3E57F /* Info.plist */ = {isa = PBXFileReference; lastKnownFileType = text.plist.xml; path = Info.plist; sourceTree = "<group>"; };
		97BDE1141B76ED6B00A3E57F /* AppDelegate.swift */ = {isa = PBXFileReference; lastKnownFileType = sourcecode.swift; path = AppDelegate.swift; sourceTree = "<group>"; };
		97BDE1161B76ED6B00A3E57F /* MasterViewController.swift */ = {isa = PBXFileReference; lastKnownFileType = sourcecode.swift; path = MasterViewController.swift; sourceTree = "<group>"; };
		97BDE1181B76ED6B00A3E57F /* NewspaperIssuesViewController.swift */ = {isa = PBXFileReference; lastKnownFileType = sourcecode.swift; path = NewspaperIssuesViewController.swift; sourceTree = "<group>"; };
		97BDE11B1B76ED6B00A3E57F /* Base */ = {isa = PBXFileReference; lastKnownFileType = file.storyboard; name = Base; path = Base.lproj/Main.storyboard; sourceTree = "<group>"; };
		97BDE11D1B76ED6B00A3E57F /* Images.xcassets */ = {isa = PBXFileReference; lastKnownFileType = folder.assetcatalog; path = Images.xcassets; sourceTree = "<group>"; };
		97BDE1201B76ED6B00A3E57F /* Base */ = {isa = PBXFileReference; lastKnownFileType = file.xib; name = Base; path = Base.lproj/LaunchScreen.xib; sourceTree = "<group>"; };
		97BDE1261B76ED6B00A3E57F /* AmericanChronicleTests.xctest */ = {isa = PBXFileReference; explicitFileType = wrapper.cfbundle; includeInIndex = 0; path = AmericanChronicleTests.xctest; sourceTree = BUILT_PRODUCTS_DIR; };
		97BDE12B1B76ED6B00A3E57F /* Info.plist */ = {isa = PBXFileReference; lastKnownFileType = text.plist.xml; path = Info.plist; sourceTree = "<group>"; };
		97BDE12C1B76ED6B00A3E57F /* AmericanChronicleTests.swift */ = {isa = PBXFileReference; lastKnownFileType = sourcecode.swift; path = AmericanChronicleTests.swift; sourceTree = "<group>"; };
		97BDE1361B76F84F00A3E57F /* SearchViewController.swift */ = {isa = PBXFileReference; fileEncoding = 4; lastKnownFileType = sourcecode.swift; path = SearchViewController.swift; sourceTree = "<group>"; };
		97BDE1381B7703CA00A3E57F /* PageViewController.swift */ = {isa = PBXFileReference; fileEncoding = 4; lastKnownFileType = sourcecode.swift; path = PageViewController.swift; sourceTree = "<group>"; };
		97BDE13A1B771B4800A3E57F /* NewspaperPagesViewController.swift */ = {isa = PBXFileReference; fileEncoding = 4; lastKnownFileType = sourcecode.swift; path = NewspaperPagesViewController.swift; sourceTree = "<group>"; };
		97BE67491B7B004B00761033 /* SearchFiltersViewController.swift */ = {isa = PBXFileReference; fileEncoding = 4; lastKnownFileType = sourcecode.swift; path = SearchFiltersViewController.swift; sourceTree = "<group>"; };
/* End PBXFileReference section */

/* Begin PBXFrameworksBuildPhase section */
		97BDE10C1B76ED6B00A3E57F /* Frameworks */ = {
			isa = PBXFrameworksBuildPhase;
			buildActionMask = 2147483647;
			files = (
			);
			runOnlyForDeploymentPostprocessing = 0;
		};
		97BDE1231B76ED6B00A3E57F /* Frameworks */ = {
			isa = PBXFrameworksBuildPhase;
			buildActionMask = 2147483647;
			files = (
			);
			runOnlyForDeploymentPostprocessing = 0;
		};
/* End PBXFrameworksBuildPhase section */

/* Begin PBXGroup section */
		97BDE1061B76ED6B00A3E57F = {
			isa = PBXGroup;
			children = (
				97BDE1111B76ED6B00A3E57F /* AmericanChronicle */,
				97BDE1291B76ED6B00A3E57F /* AmericanChronicleTests */,
				97BDE1101B76ED6B00A3E57F /* Products */,
			);
			sourceTree = "<group>";
		};
		97BDE1101B76ED6B00A3E57F /* Products */ = {
			isa = PBXGroup;
			children = (
				97BDE10F1B76ED6B00A3E57F /* AmericanChronicle.app */,
				97BDE1261B76ED6B00A3E57F /* AmericanChronicleTests.xctest */,
			);
			name = Products;
			sourceTree = "<group>";
		};
		97BDE1111B76ED6B00A3E57F /* AmericanChronicle */ = {
			isa = PBXGroup;
			children = (
				97BDE1141B76ED6B00A3E57F /* AppDelegate.swift */,
				97BDE1161B76ED6B00A3E57F /* MasterViewController.swift */,
				97BDE1361B76F84F00A3E57F /* SearchViewController.swift */,
				97BDE1381B7703CA00A3E57F /* PageViewController.swift */,
				97BE67491B7B004B00761033 /* SearchFiltersViewController.swift */,
				97BDE1181B76ED6B00A3E57F /* NewspaperIssuesViewController.swift */,
				97BDE13A1B771B4800A3E57F /* NewspaperPagesViewController.swift */,
				978741461B7832660014D1F0 /* NewspaperPagesDataSource.swift */,
				9787414A1B7835C30014D1F0 /* NewspaperPagesPreviewDelegate.swift */,
				97415ADD1B7847AE00326239 /* NewspaperPageCell.swift */,
				97415ADF1B784DB700326239 /* NewspaperPageFocusSegue.swift */,
				97415AE11B785AAE00326239 /* NewspaperPageUnfocusSegue.swift */,
				97415AE31B785D8400326239 /* CustomSegueNavigationController.swift */,
				975914A91B7A47C40031BD13 /* SearchResultsPageCell.swift */,
				97BDE11A1B76ED6B00A3E57F /* Main.storyboard */,
				97BDE11D1B76ED6B00A3E57F /* Images.xcassets */,
				97BDE11F1B76ED6B00A3E57F /* LaunchScreen.xib */,
				97BDE1121B76ED6B00A3E57F /* Supporting Files */,
			);
			path = AmericanChronicle;
			sourceTree = "<group>";
		};
		97BDE1121B76ED6B00A3E57F /* Supporting Files */ = {
			isa = PBXGroup;
			children = (
				97BDE1131B76ED6B00A3E57F /* Info.plist */,
			);
			name = "Supporting Files";
			sourceTree = "<group>";
		};
		97BDE1291B76ED6B00A3E57F /* AmericanChronicleTests */ = {
			isa = PBXGroup;
			children = (
				97BDE12C1B76ED6B00A3E57F /* AmericanChronicleTests.swift */,
				97BDE12A1B76ED6B00A3E57F /* Supporting Files */,
			);
			path = AmericanChronicleTests;
			sourceTree = "<group>";
		};
		97BDE12A1B76ED6B00A3E57F /* Supporting Files */ = {
			isa = PBXGroup;
			children = (
				97BDE12B1B76ED6B00A3E57F /* Info.plist */,
			);
			name = "Supporting Files";
			sourceTree = "<group>";
		};
/* End PBXGroup section */

/* Begin PBXNativeTarget section */
		97BDE10E1B76ED6B00A3E57F /* AmericanChronicle */ = {
			isa = PBXNativeTarget;
			buildConfigurationList = 97BDE1301B76ED6B00A3E57F /* Build configuration list for PBXNativeTarget "AmericanChronicle" */;
			buildPhases = (
				97BDE10B1B76ED6B00A3E57F /* Sources */,
				97BDE10C1B76ED6B00A3E57F /* Frameworks */,
				97BDE10D1B76ED6B00A3E57F /* Resources */,
			);
			buildRules = (
			);
			dependencies = (
			);
			name = AmericanChronicle;
			productName = AmericanChronicle;
			productReference = 97BDE10F1B76ED6B00A3E57F /* AmericanChronicle.app */;
			productType = "com.apple.product-type.application";
		};
		97BDE1251B76ED6B00A3E57F /* AmericanChronicleTests */ = {
			isa = PBXNativeTarget;
			buildConfigurationList = 97BDE1331B76ED6B00A3E57F /* Build configuration list for PBXNativeTarget "AmericanChronicleTests" */;
			buildPhases = (
				97BDE1221B76ED6B00A3E57F /* Sources */,
				97BDE1231B76ED6B00A3E57F /* Frameworks */,
				97BDE1241B76ED6B00A3E57F /* Resources */,
			);
			buildRules = (
			);
			dependencies = (
				97BDE1281B76ED6B00A3E57F /* PBXTargetDependency */,
			);
			name = AmericanChronicleTests;
			productName = AmericanChronicleTests;
			productReference = 97BDE1261B76ED6B00A3E57F /* AmericanChronicleTests.xctest */;
			productType = "com.apple.product-type.bundle.unit-test";
		};
/* End PBXNativeTarget section */

/* Begin PBXProject section */
		97BDE1071B76ED6B00A3E57F /* Project object */ = {
			isa = PBXProject;
			attributes = {
				LastUpgradeCheck = 0640;
				ORGANIZATIONNAME = ryanipete;
				TargetAttributes = {
					97BDE10E1B76ED6B00A3E57F = {
						CreatedOnToolsVersion = 6.4;
					};
					97BDE1251B76ED6B00A3E57F = {
						CreatedOnToolsVersion = 6.4;
						TestTargetID = 97BDE10E1B76ED6B00A3E57F;
					};
				};
			};
			buildConfigurationList = 97BDE10A1B76ED6B00A3E57F /* Build configuration list for PBXProject "AmericanChronicle" */;
			compatibilityVersion = "Xcode 3.2";
			developmentRegion = English;
			hasScannedForEncodings = 0;
			knownRegions = (
				en,
				Base,
			);
			mainGroup = 97BDE1061B76ED6B00A3E57F;
			productRefGroup = 97BDE1101B76ED6B00A3E57F /* Products */;
			projectDirPath = "";
			projectRoot = "";
			targets = (
				97BDE10E1B76ED6B00A3E57F /* AmericanChronicle */,
				97BDE1251B76ED6B00A3E57F /* AmericanChronicleTests */,
			);
		};
/* End PBXProject section */

/* Begin PBXResourcesBuildPhase section */
		97BDE10D1B76ED6B00A3E57F /* Resources */ = {
			isa = PBXResourcesBuildPhase;
			buildActionMask = 2147483647;
			files = (
				97BDE11C1B76ED6B00A3E57F /* Main.storyboard in Resources */,
				97BDE1211B76ED6B00A3E57F /* LaunchScreen.xib in Resources */,
				97BDE11E1B76ED6B00A3E57F /* Images.xcassets in Resources */,
			);
			runOnlyForDeploymentPostprocessing = 0;
		};
		97BDE1241B76ED6B00A3E57F /* Resources */ = {
			isa = PBXResourcesBuildPhase;
			buildActionMask = 2147483647;
			files = (
			);
			runOnlyForDeploymentPostprocessing = 0;
		};
/* End PBXResourcesBuildPhase section */

/* Begin PBXSourcesBuildPhase section */
		97BDE10B1B76ED6B00A3E57F /* Sources */ = {
			isa = PBXSourcesBuildPhase;
			buildActionMask = 2147483647;
			files = (
				97BDE1191B76ED6B00A3E57F /* NewspaperIssuesViewController.swift in Sources */,
				97415AE01B784DB700326239 /* NewspaperPageFocusSegue.swift in Sources */,
				97BDE1391B7703CA00A3E57F /* PageViewController.swift in Sources */,
				9787414B1B7835C30014D1F0 /* NewspaperPagesPreviewDelegate.swift in Sources */,
				97BE674A1B7B004B00761033 /* SearchFiltersViewController.swift in Sources */,
				97415AE41B785D8400326239 /* CustomSegueNavigationController.swift in Sources */,
				97BDE1171B76ED6B00A3E57F /* MasterViewController.swift in Sources */,
				978741471B7832660014D1F0 /* NewspaperPagesDataSource.swift in Sources */,
				97415ADE1B7847AE00326239 /* NewspaperPageCell.swift in Sources */,
				97BDE13B1B771B4800A3E57F /* NewspaperPagesViewController.swift in Sources */,
				97BDE1371B76F84F00A3E57F /* SearchViewController.swift in Sources */,
				975914AA1B7A47C40031BD13 /* SearchResultsPageCell.swift in Sources */,
				97415AE21B785AAE00326239 /* NewspaperPageUnfocusSegue.swift in Sources */,
				97BDE1151B76ED6B00A3E57F /* AppDelegate.swift in Sources */,
			);
			runOnlyForDeploymentPostprocessing = 0;
		};
		97BDE1221B76ED6B00A3E57F /* Sources */ = {
			isa = PBXSourcesBuildPhase;
			buildActionMask = 2147483647;
			files = (
				97BDE12D1B76ED6B00A3E57F /* AmericanChronicleTests.swift in Sources */,
			);
			runOnlyForDeploymentPostprocessing = 0;
		};
/* End PBXSourcesBuildPhase section */

/* Begin PBXTargetDependency section */
		97BDE1281B76ED6B00A3E57F /* PBXTargetDependency */ = {
			isa = PBXTargetDependency;
			target = 97BDE10E1B76ED6B00A3E57F /* AmericanChronicle */;
			targetProxy = 97BDE1271B76ED6B00A3E57F /* PBXContainerItemProxy */;
		};
/* End PBXTargetDependency section */

/* Begin PBXVariantGroup section */
		97BDE11A1B76ED6B00A3E57F /* Main.storyboard */ = {
			isa = PBXVariantGroup;
			children = (
				97BDE11B1B76ED6B00A3E57F /* Base */,
			);
			name = Main.storyboard;
			sourceTree = "<group>";
		};
		97BDE11F1B76ED6B00A3E57F /* LaunchScreen.xib */ = {
			isa = PBXVariantGroup;
			children = (
				97BDE1201B76ED6B00A3E57F /* Base */,
			);
			name = LaunchScreen.xib;
			sourceTree = "<group>";
		};
/* End PBXVariantGroup section */

/* Begin XCBuildConfiguration section */
		97BDE12E1B76ED6B00A3E57F /* Debug */ = {
			isa = XCBuildConfiguration;
			buildSettings = {
				ALWAYS_SEARCH_USER_PATHS = NO;
				CLANG_CXX_LANGUAGE_STANDARD = "gnu++0x";
				CLANG_CXX_LIBRARY = "libc++";
				CLANG_ENABLE_MODULES = YES;
				CLANG_ENABLE_OBJC_ARC = YES;
				CLANG_WARN_BOOL_CONVERSION = YES;
				CLANG_WARN_CONSTANT_CONVERSION = YES;
				CLANG_WARN_DIRECT_OBJC_ISA_USAGE = YES_ERROR;
				CLANG_WARN_EMPTY_BODY = YES;
				CLANG_WARN_ENUM_CONVERSION = YES;
				CLANG_WARN_INT_CONVERSION = YES;
				CLANG_WARN_OBJC_ROOT_CLASS = YES_ERROR;
				CLANG_WARN_UNREACHABLE_CODE = YES;
				CLANG_WARN__DUPLICATE_METHOD_MATCH = YES;
				"CODE_SIGN_IDENTITY[sdk=iphoneos*]" = "iPhone Developer";
				COPY_PHASE_STRIP = NO;
				DEBUG_INFORMATION_FORMAT = "dwarf-with-dsym";
				ENABLE_STRICT_OBJC_MSGSEND = YES;
				GCC_C_LANGUAGE_STANDARD = gnu99;
				GCC_DYNAMIC_NO_PIC = NO;
				GCC_NO_COMMON_BLOCKS = YES;
				GCC_OPTIMIZATION_LEVEL = 0;
				GCC_PREPROCESSOR_DEFINITIONS = (
					"DEBUG=1",
					"$(inherited)",
				);
				GCC_SYMBOLS_PRIVATE_EXTERN = NO;
				GCC_WARN_64_TO_32_BIT_CONVERSION = YES;
				GCC_WARN_ABOUT_RETURN_TYPE = YES_ERROR;
				GCC_WARN_UNDECLARED_SELECTOR = YES;
				GCC_WARN_UNINITIALIZED_AUTOS = YES_AGGRESSIVE;
				GCC_WARN_UNUSED_FUNCTION = YES;
				GCC_WARN_UNUSED_VARIABLE = YES;
				IPHONEOS_DEPLOYMENT_TARGET = 8.4;
				MTL_ENABLE_DEBUG_INFO = YES;
				ONLY_ACTIVE_ARCH = YES;
				SDKROOT = iphoneos;
				SWIFT_OPTIMIZATION_LEVEL = "-Onone";
			};
			name = Debug;
		};
		97BDE12F1B76ED6B00A3E57F /* Release */ = {
			isa = XCBuildConfiguration;
			buildSettings = {
				ALWAYS_SEARCH_USER_PATHS = NO;
				CLANG_CXX_LANGUAGE_STANDARD = "gnu++0x";
				CLANG_CXX_LIBRARY = "libc++";
				CLANG_ENABLE_MODULES = YES;
				CLANG_ENABLE_OBJC_ARC = YES;
				CLANG_WARN_BOOL_CONVERSION = YES;
				CLANG_WARN_CONSTANT_CONVERSION = YES;
				CLANG_WARN_DIRECT_OBJC_ISA_USAGE = YES_ERROR;
				CLANG_WARN_EMPTY_BODY = YES;
				CLANG_WARN_ENUM_CONVERSION = YES;
				CLANG_WARN_INT_CONVERSION = YES;
				CLANG_WARN_OBJC_ROOT_CLASS = YES_ERROR;
				CLANG_WARN_UNREACHABLE_CODE = YES;
				CLANG_WARN__DUPLICATE_METHOD_MATCH = YES;
				"CODE_SIGN_IDENTITY[sdk=iphoneos*]" = "iPhone Developer";
				COPY_PHASE_STRIP = NO;
				DEBUG_INFORMATION_FORMAT = "dwarf-with-dsym";
				ENABLE_NS_ASSERTIONS = NO;
				ENABLE_STRICT_OBJC_MSGSEND = YES;
				GCC_C_LANGUAGE_STANDARD = gnu99;
				GCC_NO_COMMON_BLOCKS = YES;
				GCC_WARN_64_TO_32_BIT_CONVERSION = YES;
				GCC_WARN_ABOUT_RETURN_TYPE = YES_ERROR;
				GCC_WARN_UNDECLARED_SELECTOR = YES;
				GCC_WARN_UNINITIALIZED_AUTOS = YES_AGGRESSIVE;
				GCC_WARN_UNUSED_FUNCTION = YES;
				GCC_WARN_UNUSED_VARIABLE = YES;
				IPHONEOS_DEPLOYMENT_TARGET = 8.4;
				MTL_ENABLE_DEBUG_INFO = NO;
				SDKROOT = iphoneos;
				VALIDATE_PRODUCT = YES;
			};
			name = Release;
		};
		97BDE1311B76ED6B00A3E57F /* Debug */ = {
			isa = XCBuildConfiguration;
			buildSettings = {
				ASSETCATALOG_COMPILER_APPICON_NAME = AppIcon;
				INFOPLIST_FILE = AmericanChronicle/Info.plist;
				LD_RUNPATH_SEARCH_PATHS = "$(inherited) @executable_path/Frameworks";
				PRODUCT_NAME = "$(TARGET_NAME)";
			};
			name = Debug;
		};
		97BDE1321B76ED6B00A3E57F /* Release */ = {
			isa = XCBuildConfiguration;
			buildSettings = {
				ASSETCATALOG_COMPILER_APPICON_NAME = AppIcon;
				INFOPLIST_FILE = AmericanChronicle/Info.plist;
				LD_RUNPATH_SEARCH_PATHS = "$(inherited) @executable_path/Frameworks";
				PRODUCT_NAME = "$(TARGET_NAME)";
			};
			name = Release;
		};
		97BDE1341B76ED6B00A3E57F /* Debug */ = {
			isa = XCBuildConfiguration;
			buildSettings = {
				BUNDLE_LOADER = "$(TEST_HOST)";
				FRAMEWORK_SEARCH_PATHS = (
					"$(SDKROOT)/Developer/Library/Frameworks",
					"$(inherited)",
				);
				GCC_PREPROCESSOR_DEFINITIONS = (
					"DEBUG=1",
					"$(inherited)",
				);
				INFOPLIST_FILE = AmericanChronicleTests/Info.plist;
				LD_RUNPATH_SEARCH_PATHS = "$(inherited) @executable_path/Frameworks @loader_path/Frameworks";
				PRODUCT_NAME = "$(TARGET_NAME)";
				TEST_HOST = "$(BUILT_PRODUCTS_DIR)/AmericanChronicle.app/AmericanChronicle";
			};
			name = Debug;
		};
		97BDE1351B76ED6B00A3E57F /* Release */ = {
			isa = XCBuildConfiguration;
			buildSettings = {
				BUNDLE_LOADER = "$(TEST_HOST)";
				FRAMEWORK_SEARCH_PATHS = (
					"$(SDKROOT)/Developer/Library/Frameworks",
					"$(inherited)",
				);
				INFOPLIST_FILE = AmericanChronicleTests/Info.plist;
				LD_RUNPATH_SEARCH_PATHS = "$(inherited) @executable_path/Frameworks @loader_path/Frameworks";
				PRODUCT_NAME = "$(TARGET_NAME)";
				TEST_HOST = "$(BUILT_PRODUCTS_DIR)/AmericanChronicle.app/AmericanChronicle";
			};
			name = Release;
		};
/* End XCBuildConfiguration section */

/* Begin XCConfigurationList section */
		97BDE10A1B76ED6B00A3E57F /* Build configuration list for PBXProject "AmericanChronicle" */ = {
			isa = XCConfigurationList;
			buildConfigurations = (
				97BDE12E1B76ED6B00A3E57F /* Debug */,
				97BDE12F1B76ED6B00A3E57F /* Release */,
			);
			defaultConfigurationIsVisible = 0;
			defaultConfigurationName = Release;
		};
		97BDE1301B76ED6B00A3E57F /* Build configuration list for PBXNativeTarget "AmericanChronicle" */ = {
			isa = XCConfigurationList;
			buildConfigurations = (
				97BDE1311B76ED6B00A3E57F /* Debug */,
				97BDE1321B76ED6B00A3E57F /* Release */,
			);
			defaultConfigurationIsVisible = 0;
			defaultConfigurationName = Release;
		};
		97BDE1331B76ED6B00A3E57F /* Build configuration list for PBXNativeTarget "AmericanChronicleTests" */ = {
			isa = XCConfigurationList;
			buildConfigurations = (
				97BDE1341B76ED6B00A3E57F /* Debug */,
				97BDE1351B76ED6B00A3E57F /* Release */,
			);
			defaultConfigurationIsVisible = 0;
			defaultConfigurationName = Release;
		};
/* End XCConfigurationList section */
	};
	rootObject = 97BDE1071B76ED6B00A3E57F /* Project object */;
}
