// !$*UTF8*$!
{
	archiveVersion = 1;
	classes = {
	};
	objectVersion = 46;
	objects = {

/* Begin PBXBuildFile section */
		970492191BC4D898001DA2DE /* PageView.swift in Sources */ = {isa = PBXBuildFile; fileRef = 970492181BC4D898001DA2DE /* PageView.swift */; };
		9704921B1BC4D8C4001DA2DE /* CGPDFPageRef+AMC.swift in Sources */ = {isa = PBXBuildFile; fileRef = 9704921A1BC4D8C4001DA2DE /* CGPDFPageRef+AMC.swift */; };
		9707823C1BC4DD0900D23517 /* seq-1.pdf in Resources */ = {isa = PBXBuildFile; fileRef = 9707823A1BC4DD0900D23517 /* seq-1.pdf */; };
		9707823D1BC4DD0900D23517 /* seq-18.pdf in Resources */ = {isa = PBXBuildFile; fileRef = 9707823B1BC4DD0900D23517 /* seq-18.pdf */; };
		970A00C31BABB19D00B3BB87 /* Alamofire.framework in Frameworks */ = {isa = PBXBuildFile; fileRef = 970A00BE1BABB19D00B3BB87 /* Alamofire.framework */; };
		970A00C41BABB19D00B3BB87 /* AlamofireObjectMapper.framework in Frameworks */ = {isa = PBXBuildFile; fileRef = 970A00BF1BABB19D00B3BB87 /* AlamofireObjectMapper.framework */; };
		970A00C51BABB19D00B3BB87 /* FSCalendar.framework in Frameworks */ = {isa = PBXBuildFile; fileRef = 970A00C01BABB19D00B3BB87 /* FSCalendar.framework */; };
		970A00C61BABB19D00B3BB87 /* ObjectMapper.framework in Frameworks */ = {isa = PBXBuildFile; fileRef = 970A00C11BABB19D00B3BB87 /* ObjectMapper.framework */; };
		970A00C71BABB19D00B3BB87 /* SnapKit.framework in Frameworks */ = {isa = PBXBuildFile; fileRef = 970A00C21BABB19D00B3BB87 /* SnapKit.framework */; };
		971C2CD91B9BC94F00F00323 /* Browse.storyboard in Resources */ = {isa = PBXBuildFile; fileRef = 971C2CD81B9BC94F00F00323 /* Browse.storyboard */; };
		9721FDC91B93FF26006798B2 /* Style.swift in Sources */ = {isa = PBXBuildFile; fileRef = 9721FDC81B93FF26006798B2 /* Style.swift */; };
		9721FDCB1B940EE7006798B2 /* TableHeaderView.swift in Sources */ = {isa = PBXBuildFile; fileRef = 9721FDCA1B940EE7006798B2 /* TableHeaderView.swift */; };
		9725E5B21BDC547800E74370 /* CachedPageService.swift in Sources */ = {isa = PBXBuildFile; fileRef = 9725E5B11BDC547800E74370 /* CachedPageService.swift */; };
		9725E5B41BDC571600E74370 /* SearchResultsRow.swift in Sources */ = {isa = PBXBuildFile; fileRef = 9725E5B31BDC571600E74370 /* SearchResultsRow.swift */; };
		9725E5B61BDC783600E74370 /* SearchPagesServiceTests.swift in Sources */ = {isa = PBXBuildFile; fileRef = 9725E5B51BDC783600E74370 /* SearchPagesServiceTests.swift */; };
		972613DD1C024EF500EDF550 /* OCRCoordinatesDataManager.swift in Sources */ = {isa = PBXBuildFile; fileRef = 972613DC1C024EF500EDF550 /* OCRCoordinatesDataManager.swift */; };
		972613DF1C024F1700EDF550 /* OCRCoordinatesService.swift in Sources */ = {isa = PBXBuildFile; fileRef = 972613DE1C024F1700EDF550 /* OCRCoordinatesService.swift */; };
		9730C1341BB0F20500355D7D /* WebImage.framework in Frameworks */ = {isa = PBXBuildFile; fileRef = 9730C1331BB0F20500355D7D /* WebImage.framework */; };
		97369DCE1BD45B5A0090EC38 /* SearchDataManagerTests.swift in Sources */ = {isa = PBXBuildFile; fileRef = 97369DCD1BD45B5A0090EC38 /* SearchDataManagerTests.swift */; };
		9739FE321BA28A04009ACD94 /* AlamofireIntegrationTests.swift in Sources */ = {isa = PBXBuildFile; fileRef = 9739FE311BA28A04009ACD94 /* AlamofireIntegrationTests.swift */; };
		97415ADE1B7847AE00326239 /* NewspaperPageCell.swift in Sources */ = {isa = PBXBuildFile; fileRef = 97415ADD1B7847AE00326239 /* NewspaperPageCell.swift */; };
		97415AE21B785AAE00326239 /* NewspaperPageUnfocusSegue.swift in Sources */ = {isa = PBXBuildFile; fileRef = 97415AE11B785AAE00326239 /* NewspaperPageUnfocusSegue.swift */; };
		97415AE41B785D8400326239 /* CustomSegueNavigationController.swift in Sources */ = {isa = PBXBuildFile; fileRef = 97415AE31B785D8400326239 /* CustomSegueNavigationController.swift */; };
		974BA3661B892D3400D7ACA2 /* State.swift in Sources */ = {isa = PBXBuildFile; fileRef = 974BA3651B892D3400D7ACA2 /* State.swift */; };
		974BA3681B892D5200D7ACA2 /* City.swift in Sources */ = {isa = PBXBuildFile; fileRef = 974BA3671B892D5200D7ACA2 /* City.swift */; };
		974BA36A1B892D8900D7ACA2 /* Location.swift in Sources */ = {isa = PBXBuildFile; fileRef = 974BA3691B892D8900D7ACA2 /* Location.swift */; };
		974BA36C1B892DD500D7ACA2 /* Newspaper.swift in Sources */ = {isa = PBXBuildFile; fileRef = 974BA36B1B892DD500D7ACA2 /* Newspaper.swift */; };
		974BA36E1B89343A00D7ACA2 /* StateName.swift in Sources */ = {isa = PBXBuildFile; fileRef = 974BA36D1B89343A00D7ACA2 /* StateName.swift */; };
		974E4FBE1BAF61FC006A8231 /* LoggingURLProtocol.swift in Sources */ = {isa = PBXBuildFile; fileRef = 974E4FBD1BAF61FC006A8231 /* LoggingURLProtocol.swift */; };
		975355681BF5A8550028B7FD /* KeyboardService.swift in Sources */ = {isa = PBXBuildFile; fileRef = 975355671BF5A8550028B7FD /* KeyboardService.swift */; };
		975914AA1B7A47C40031BD13 /* SearchResultsPageCell.swift in Sources */ = {isa = PBXBuildFile; fileRef = 975914A91B7A47C40031BD13 /* SearchResultsPageCell.swift */; };
		97597C1E1BF8025300363A00 /* KeyboardServiceTests.swift in Sources */ = {isa = PBXBuildFile; fileRef = 97597C1D1BF8025300363A00 /* KeyboardServiceTests.swift */; };
		9762A0901BB0E19D002A57C8 /* FakeSearchView.swift in Sources */ = {isa = PBXBuildFile; fileRef = 9762A08F1BB0E19D002A57C8 /* FakeSearchView.swift */; };
		9764976D1B7DA0270035A388 /* Month.swift in Sources */ = {isa = PBXBuildFile; fileRef = 9764976C1B7DA0270035A388 /* Month.swift */; };
		9767C7331BBA518400F5CBEC /* PagePresenterTests.swift in Sources */ = {isa = PBXBuildFile; fileRef = 9767C7321BBA518400F5CBEC /* PagePresenterTests.swift */; };
		976D6EB01C02543C00EF2B03 /* OCRCoordinates.swift in Sources */ = {isa = PBXBuildFile; fileRef = 976D6EAF1C02543C00EF2B03 /* OCRCoordinates.swift */; };
		976D6EB21C02588800EF2B03 /* OCRCoordinatesTests.swift in Sources */ = {isa = PBXBuildFile; fileRef = 976D6EB11C02588800EF2B03 /* OCRCoordinatesTests.swift */; };
		976D6EB61C0259B300EF2B03 /* ocr_coordinates-response.json in Resources */ = {isa = PBXBuildFile; fileRef = 976D6EB41C0259B300EF2B03 /* ocr_coordinates-response.json */; };
		976D6EB71C0259B300EF2B03 /* search_pages-response.json in Resources */ = {isa = PBXBuildFile; fileRef = 976D6EB51C0259B300EF2B03 /* search_pages-response.json */; };
		97789B941BB10206000B298C /* PageInteractor.swift in Sources */ = {isa = PBXBuildFile; fileRef = 97789B931BB10206000B298C /* PageInteractor.swift */; };
		97789B961BB10316000B298C /* PageInteractorTests.swift in Sources */ = {isa = PBXBuildFile; fileRef = 97789B951BB10316000B298C /* PageInteractorTests.swift */; };
		977F0A581B7FC3E700C4B0FC /* DatePickerViewController.swift in Sources */ = {isa = PBXBuildFile; fileRef = 977F0A561B7FC3E700C4B0FC /* DatePickerViewController.swift */; };
		977F0A591B7FC3E700C4B0FC /* DatePickerViewController.xib in Resources */ = {isa = PBXBuildFile; fileRef = 977F0A571B7FC3E700C4B0FC /* DatePickerViewController.xib */; };
		977F0A5B1B7FC58200C4B0FC /* CalendarViewDelegate.swift in Sources */ = {isa = PBXBuildFile; fileRef = 977F0A5A1B7FC58200C4B0FC /* CalendarViewDelegate.swift */; };
		977F0A5D1B7FC5BA00C4B0FC /* CalendarViewDataSource.swift in Sources */ = {isa = PBXBuildFile; fileRef = 977F0A5C1B7FC5BA00C4B0FC /* CalendarViewDataSource.swift */; };
		977F10991BA51B86003BEF11 /* TestURLProtocol.swift in Sources */ = {isa = PBXBuildFile; fileRef = 977F10941BA50B53003BEF11 /* TestURLProtocol.swift */; };
		977F109B1BA54A98003BEF11 /* FakeViewController.swift in Sources */ = {isa = PBXBuildFile; fileRef = 977F109A1BA54A98003BEF11 /* FakeViewController.swift */; };
		977F109D1BA54B1A003BEF11 /* FakeSearchPresenter.swift in Sources */ = {isa = PBXBuildFile; fileRef = 977F109C1BA54B1A003BEF11 /* FakeSearchPresenter.swift */; };
		977F10A01BA54C14003BEF11 /* FakeSearchPagesService.swift in Sources */ = {isa = PBXBuildFile; fileRef = 977F109F1BA54C14003BEF11 /* FakeSearchPagesService.swift */; };
		977F10A21BA54C62003BEF11 /* FakeSearchInteractor.swift in Sources */ = {isa = PBXBuildFile; fileRef = 977F10A11BA54C62003BEF11 /* FakeSearchInteractor.swift */; };
		978236191B7FD0D00056FDF6 /* ChroniclingAmericaEndpoint.swift in Sources */ = {isa = PBXBuildFile; fileRef = 978236181B7FD0D00056FDF6 /* ChroniclingAmericaEndpoint.swift */; };
		9782361B1B7FD1F00056FDF6 /* SearchFilters.swift in Sources */ = {isa = PBXBuildFile; fileRef = 9782361A1B7FD1F00056FDF6 /* SearchFilters.swift */; };
		9782361D1B7FFCF80056FDF6 /* YearSlider.swift in Sources */ = {isa = PBXBuildFile; fileRef = 9782361C1B7FFCF80056FDF6 /* YearSlider.swift */; };
		9782361F1B8000CE0056FDF6 /* YearSliderTests.swift in Sources */ = {isa = PBXBuildFile; fileRef = 9782361E1B8000CE0056FDF6 /* YearSliderTests.swift */; };
		978741471B7832660014D1F0 /* NewspaperPagesDataSource.swift in Sources */ = {isa = PBXBuildFile; fileRef = 978741461B7832660014D1F0 /* NewspaperPagesDataSource.swift */; };
		9787414B1B7835C30014D1F0 /* NewspaperPagesPreviewDelegate.swift in Sources */ = {isa = PBXBuildFile; fileRef = 9787414A1B7835C30014D1F0 /* NewspaperPagesPreviewDelegate.swift */; };
		978D11541B955C39003B98C5 /* UIAppearance+AMC.m in Sources */ = {isa = PBXBuildFile; fileRef = 978D11531B955C39003B98C5 /* UIAppearance+AMC.m */; };
		978D11561B956EAA003B98C5 /* Search.storyboard in Resources */ = {isa = PBXBuildFile; fileRef = 978D11551B956EAA003B98C5 /* Search.storyboard */; };
		978D11581B956F2D003B98C5 /* SearchField.swift in Sources */ = {isa = PBXBuildFile; fileRef = 978D11571B956F2D003B98C5 /* SearchField.swift */; };
		978E95D81BEF2E9E00A4E71E /* CachedSearchResultsService.swift in Sources */ = {isa = PBXBuildFile; fileRef = 978E95D71BEF2E9E00A4E71E /* CachedSearchResultsService.swift */; };
		978E9B151BAFA3950001690C /* DelayedSearch.swift in Sources */ = {isa = PBXBuildFile; fileRef = 978E9B141BAFA3950001690C /* DelayedSearch.swift */; };
		978E9B171BAFA5400001690C /* SearchResult.swift in Sources */ = {isa = PBXBuildFile; fileRef = 978E9B161BAFA5400001690C /* SearchResult.swift */; };
		978E9B1A1BAFA6360001690C /* SearchResults.swift in Sources */ = {isa = PBXBuildFile; fileRef = 978E9B191BAFA6360001690C /* SearchResults.swift */; };
		978E9B1C1BAFB29E0001690C /* String+AMC.swift in Sources */ = {isa = PBXBuildFile; fileRef = 978E9B1B1BAFB29E0001690C /* String+AMC.swift */; };
		979082701B8135150056CA9C /* LocationSearchViewController.swift in Sources */ = {isa = PBXBuildFile; fileRef = 9790826E1B8135150056CA9C /* LocationSearchViewController.swift */; };
		979082711B8135150056CA9C /* LocationSearchViewController.xib in Resources */ = {isa = PBXBuildFile; fileRef = 9790826F1B8135150056CA9C /* LocationSearchViewController.xib */; };
		9791A5D41BABC868008CF0A6 /* ObjectMapper.framework in Frameworks */ = {isa = PBXBuildFile; fileRef = 970A00C11BABB19D00B3BB87 /* ObjectMapper.framework */; };
		97924DF61BDC14F30035E5F6 /* PageDataManagerTests.swift in Sources */ = {isa = PBXBuildFile; fileRef = 97924DF51BDC14F30035E5F6 /* PageDataManagerTests.swift */; };
		97963F871BCC31D700248942 /* PageWireframe.swift in Sources */ = {isa = PBXBuildFile; fileRef = 97963F861BCC31D700248942 /* PageWireframe.swift */; };
		97963F8A1BCC784000248942 /* PageService.swift in Sources */ = {isa = PBXBuildFile; fileRef = 97963F891BCC784000248942 /* PageService.swift */; };
		97963F8E1BCC792400248942 /* Manager+AMC.swift in Sources */ = {isa = PBXBuildFile; fileRef = 97963F8D1BCC792400248942 /* Manager+AMC.swift */; };
		97963F901BCC795D00248942 /* Request+AMC.swift in Sources */ = {isa = PBXBuildFile; fileRef = 97963F8F1BCC795D00248942 /* Request+AMC.swift */; };
		97963F921BCC7ACE00248942 /* NSFileManager+AMC.swift in Sources */ = {isa = PBXBuildFile; fileRef = 97963F911BCC7ACE00248942 /* NSFileManager+AMC.swift */; };
		97963F941BCC7BFE00248942 /* SearchPagesService.swift in Sources */ = {isa = PBXBuildFile; fileRef = 97963F931BCC7BFE00248942 /* SearchPagesService.swift */; };
		97963F961BCC84D700248942 /* SearchDataManager.swift in Sources */ = {isa = PBXBuildFile; fileRef = 97963F951BCC84D700248942 /* SearchDataManager.swift */; };
		979BF8211B928697006482F1 /* NewspaperPage.swift in Sources */ = {isa = PBXBuildFile; fileRef = 979BF8201B928697006482F1 /* NewspaperPage.swift */; };
		979E20731BD2B8CD007C7F5F /* PageDataManager.swift in Sources */ = {isa = PBXBuildFile; fileRef = 979E20721BD2B8CD007C7F5F /* PageDataManager.swift */; };
		979E20751BD2F669007C7F5F /* SearchModuleDependencies.swift in Sources */ = {isa = PBXBuildFile; fileRef = 979E20741BD2F669007C7F5F /* SearchModuleDependencies.swift */; };
		979E20771BD3058A007C7F5F /* PageModuleDependencies.swift in Sources */ = {isa = PBXBuildFile; fileRef = 979E20761BD3058A007C7F5F /* PageModuleDependencies.swift */; };
		979E207A1BD30E40007C7F5F /* FakePageService.swift in Sources */ = {isa = PBXBuildFile; fileRef = 979E20791BD30E40007C7F5F /* FakePageService.swift */; };
		97A7D9AE1B866E7E00DDBF59 /* SearchFiltersViewController.xib in Resources */ = {isa = PBXBuildFile; fileRef = 97A7D9AD1B866E7E00DDBF59 /* SearchFiltersViewController.xib */; };
		97B829331BC08C5700B35538 /* PDFPageView.swift in Sources */ = {isa = PBXBuildFile; fileRef = 97B829321BC08C5700B35538 /* PDFPageView.swift */; };
		97BDE1151B76ED6B00A3E57F /* AppDelegate.swift in Sources */ = {isa = PBXBuildFile; fileRef = 97BDE1141B76ED6B00A3E57F /* AppDelegate.swift */; };
		97BDE1171B76ED6B00A3E57F /* HomeViewController.swift in Sources */ = {isa = PBXBuildFile; fileRef = 97BDE1161B76ED6B00A3E57F /* HomeViewController.swift */; };
		97BDE1191B76ED6B00A3E57F /* NewspaperIssuesViewController.swift in Sources */ = {isa = PBXBuildFile; fileRef = 97BDE1181B76ED6B00A3E57F /* NewspaperIssuesViewController.swift */; };
		97BDE11C1B76ED6B00A3E57F /* Home.storyboard in Resources */ = {isa = PBXBuildFile; fileRef = 97BDE11A1B76ED6B00A3E57F /* Home.storyboard */; };
		97BDE11E1B76ED6B00A3E57F /* Images.xcassets in Resources */ = {isa = PBXBuildFile; fileRef = 97BDE11D1B76ED6B00A3E57F /* Images.xcassets */; };
		97BDE1211B76ED6B00A3E57F /* LaunchScreen.xib in Resources */ = {isa = PBXBuildFile; fileRef = 97BDE11F1B76ED6B00A3E57F /* LaunchScreen.xib */; };
		97BDE1371B76F84F00A3E57F /* SearchViewController.swift in Sources */ = {isa = PBXBuildFile; fileRef = 97BDE1361B76F84F00A3E57F /* SearchViewController.swift */; };
		97BDE1391B7703CA00A3E57F /* PageViewController.swift in Sources */ = {isa = PBXBuildFile; fileRef = 97BDE1381B7703CA00A3E57F /* PageViewController.swift */; };
		97BDE13B1B771B4800A3E57F /* NewspaperPagesViewController.swift in Sources */ = {isa = PBXBuildFile; fileRef = 97BDE13A1B771B4800A3E57F /* NewspaperPagesViewController.swift */; };
		97BE674A1B7B004B00761033 /* SearchFiltersViewController.swift in Sources */ = {isa = PBXBuildFile; fileRef = 97BE67491B7B004B00761033 /* SearchFiltersViewController.swift */; };
		97C02B011B9E51FA00126611 /* SearchPresenterTests.swift in Sources */ = {isa = PBXBuildFile; fileRef = 97C02B001B9E51FA00126611 /* SearchPresenterTests.swift */; };
		97C02B031B9E5B3E00126611 /* SearchWireframeTests.swift in Sources */ = {isa = PBXBuildFile; fileRef = 97C02B021B9E5B3E00126611 /* SearchWireframeTests.swift */; };
		97C99FB81B96BAC5001310DE /* SearchFieldCell.swift in Sources */ = {isa = PBXBuildFile; fileRef = 97C99FB71B96BAC5001310DE /* SearchFieldCell.swift */; };
		97CC38511BB0EB1800E1B67A /* SearchResultTests.swift in Sources */ = {isa = PBXBuildFile; fileRef = 97CC38501BB0EB1800E1B67A /* SearchResultTests.swift */; };
		97D3F84A1B994B5E008B8D81 /* Page.storyboard in Resources */ = {isa = PBXBuildFile; fileRef = 97D3F8491B994B5E008B8D81 /* Page.storyboard */; };
		97DB4FAD1C02E2990091F33D /* OCRCoordinatesServiceTests.swift in Sources */ = {isa = PBXBuildFile; fileRef = 97DB4FAC1C02E2990091F33D /* OCRCoordinatesServiceTests.swift */; };
		97DD1C561BEFFE7A00A67538 /* FakeDelayedSearch.swift in Sources */ = {isa = PBXBuildFile; fileRef = 97DD1C551BEFFE7A00A67538 /* FakeDelayedSearch.swift */; };
		97DD1C581BEFFEAC00A67538 /* FakeSearchDataManager.swift in Sources */ = {isa = PBXBuildFile; fileRef = 97DD1C571BEFFEAC00A67538 /* FakeSearchDataManager.swift */; };
		97DD1C5A1BEFFEF100A67538 /* FakeSearchInteractorDelegate.swift in Sources */ = {isa = PBXBuildFile; fileRef = 97DD1C591BEFFEF100A67538 /* FakeSearchInteractorDelegate.swift */; };
		97DD1C5C1BEFFF4800A67538 /* FakeDelayedSearchFactory.swift in Sources */ = {isa = PBXBuildFile; fileRef = 97DD1C5B1BEFFF4800A67538 /* FakeDelayedSearchFactory.swift */; };
		97DD1C5E1BF0002700A67538 /* FakeSearchWireframe.swift in Sources */ = {isa = PBXBuildFile; fileRef = 97DD1C5D1BF0002700A67538 /* FakeSearchWireframe.swift */; };
		97DFA8021B9026C8006578CF /* NewspaperIssue.swift in Sources */ = {isa = PBXBuildFile; fileRef = 97DFA8011B9026C8006578CF /* NewspaperIssue.swift */; };
		97DFA8041B903025006578CF /* NewspaperIssueCell.swift in Sources */ = {isa = PBXBuildFile; fileRef = 97DFA8031B903025006578CF /* NewspaperIssueCell.swift */; };
		97E744181BD750D700963C62 /* PageServiceTests.swift in Sources */ = {isa = PBXBuildFile; fileRef = 97E744171BD750D700963C62 /* PageServiceTests.swift */; };
		97EAC1DB1B9D2DB600956EBC /* SearchWireframe.swift in Sources */ = {isa = PBXBuildFile; fileRef = 97EAC1DA1B9D2DB600956EBC /* SearchWireframe.swift */; };
		97EAC1DD1B9D2F0C00956EBC /* SearchPresenter.swift in Sources */ = {isa = PBXBuildFile; fileRef = 97EAC1DC1B9D2F0C00956EBC /* SearchPresenter.swift */; };
		97EAC1DF1B9D3E0300956EBC /* RootWireframe.swift in Sources */ = {isa = PBXBuildFile; fileRef = 97EAC1DE1B9D3E0300956EBC /* RootWireframe.swift */; };
		97EAC1E11B9D3FDF00956EBC /* HomeWireframe.swift in Sources */ = {isa = PBXBuildFile; fileRef = 97EAC1E01B9D3FDF00956EBC /* HomeWireframe.swift */; };
		97EAC1E31B9D434800956EBC /* SearchInteractor.swift in Sources */ = {isa = PBXBuildFile; fileRef = 97EAC1E21B9D434800956EBC /* SearchInteractor.swift */; };
		97EAC1E51B9D442800956EBC /* SearchInteractorTests.swift in Sources */ = {isa = PBXBuildFile; fileRef = 97EAC1E41B9D442800956EBC /* SearchInteractorTests.swift */; };
		97ED42CC1BDD879300884B3E /* NSError+AMC.swift in Sources */ = {isa = PBXBuildFile; fileRef = 97ED42CB1BDD879300884B3E /* NSError+AMC.swift */; };
		97F0F8D91BB51125004753F0 /* Alamofire.framework.dSYM in Copy Files */ = {isa = PBXBuildFile; fileRef = 97F0F8D31BB51125004753F0 /* Alamofire.framework.dSYM */; };
		97F0F8DA1BB51125004753F0 /* AlamofireObjectMapper.framework.dSYM in Copy Files */ = {isa = PBXBuildFile; fileRef = 97F0F8D41BB51125004753F0 /* AlamofireObjectMapper.framework.dSYM */; };
		97F0F8DB1BB51125004753F0 /* FSCalendar.framework.dSYM in Copy Files */ = {isa = PBXBuildFile; fileRef = 97F0F8D51BB51125004753F0 /* FSCalendar.framework.dSYM */; };
		97F0F8DC1BB51125004753F0 /* ObjectMapper.framework.dSYM in Copy Files */ = {isa = PBXBuildFile; fileRef = 97F0F8D61BB51125004753F0 /* ObjectMapper.framework.dSYM */; };
		97F0F8DD1BB51125004753F0 /* SnapKit.framework.dSYM in Copy Files */ = {isa = PBXBuildFile; fileRef = 97F0F8D71BB51125004753F0 /* SnapKit.framework.dSYM */; };
		97F0F8DE1BB51125004753F0 /* WebImage.framework.dSYM in Copy Files */ = {isa = PBXBuildFile; fileRef = 97F0F8D81BB51125004753F0 /* WebImage.framework.dSYM */; };
		97F622031BE9E94000F0DB63 /* DelayedSearchTests.swift in Sources */ = {isa = PBXBuildFile; fileRef = 97F622021BE9E94000F0DB63 /* DelayedSearchTests.swift */; };
		97F707D11BB8AE8F00A3D760 /* PagePresenter.swift in Sources */ = {isa = PBXBuildFile; fileRef = 97F707D01BB8AE8F00A3D760 /* PagePresenter.swift */; };
		97FC5EA91BABD04B0097CB29 /* copy_dsyms.rb in Resources */ = {isa = PBXBuildFile; fileRef = 97FC5EA81BABD04B0097CB29 /* copy_dsyms.rb */; };
		97FE01521BDC48C00098E45F /* PageWireframeTests.swift in Sources */ = {isa = PBXBuildFile; fileRef = 97FE01511BDC48C00098E45F /* PageWireframeTests.swift */; };
/* End PBXBuildFile section */

/* Begin PBXContainerItemProxy section */
		97BDE1271B76ED6B00A3E57F /* PBXContainerItemProxy */ = {
			isa = PBXContainerItemProxy;
			containerPortal = 97BDE1071B76ED6B00A3E57F /* Project object */;
			proxyType = 1;
			remoteGlobalIDString = 97BDE10E1B76ED6B00A3E57F;
			remoteInfo = AmericanChronicle;
		};
/* End PBXContainerItemProxy section */

/* Begin PBXCopyFilesBuildPhase section */
		970A00C91BABB27800B3BB87 /* Copy Files */ = {
			isa = PBXCopyFilesBuildPhase;
			buildActionMask = 2147483647;
			dstPath = "";
			dstSubfolderSpec = 16;
			files = (
				97F0F8D91BB51125004753F0 /* Alamofire.framework.dSYM in Copy Files */,
				97F0F8DA1BB51125004753F0 /* AlamofireObjectMapper.framework.dSYM in Copy Files */,
				97F0F8DB1BB51125004753F0 /* FSCalendar.framework.dSYM in Copy Files */,
				97F0F8DC1BB51125004753F0 /* ObjectMapper.framework.dSYM in Copy Files */,
				97F0F8DD1BB51125004753F0 /* SnapKit.framework.dSYM in Copy Files */,
				97F0F8DE1BB51125004753F0 /* WebImage.framework.dSYM in Copy Files */,
			);
			name = "Copy Files";
			runOnlyForDeploymentPostprocessing = 0;
		};
/* End PBXCopyFilesBuildPhase section */

/* Begin PBXFileReference section */
		970492181BC4D898001DA2DE /* PageView.swift */ = {isa = PBXFileReference; fileEncoding = 4; lastKnownFileType = sourcecode.swift; path = PageView.swift; sourceTree = "<group>"; };
		9704921A1BC4D8C4001DA2DE /* CGPDFPageRef+AMC.swift */ = {isa = PBXFileReference; fileEncoding = 4; lastKnownFileType = sourcecode.swift; path = "CGPDFPageRef+AMC.swift"; sourceTree = "<group>"; };
		9707823A1BC4DD0900D23517 /* seq-1.pdf */ = {isa = PBXFileReference; lastKnownFileType = image.pdf; path = "seq-1.pdf"; sourceTree = "<group>"; };
		9707823B1BC4DD0900D23517 /* seq-18.pdf */ = {isa = PBXFileReference; lastKnownFileType = image.pdf; path = "seq-18.pdf"; sourceTree = "<group>"; };
		970A00BE1BABB19D00B3BB87 /* Alamofire.framework */ = {isa = PBXFileReference; lastKnownFileType = wrapper.framework; name = Alamofire.framework; path = Carthage/Build/iOS/Alamofire.framework; sourceTree = "<group>"; };
		970A00BF1BABB19D00B3BB87 /* AlamofireObjectMapper.framework */ = {isa = PBXFileReference; lastKnownFileType = wrapper.framework; name = AlamofireObjectMapper.framework; path = Carthage/Build/iOS/AlamofireObjectMapper.framework; sourceTree = "<group>"; };
		970A00C01BABB19D00B3BB87 /* FSCalendar.framework */ = {isa = PBXFileReference; lastKnownFileType = wrapper.framework; name = FSCalendar.framework; path = Carthage/Build/iOS/FSCalendar.framework; sourceTree = "<group>"; };
		970A00C11BABB19D00B3BB87 /* ObjectMapper.framework */ = {isa = PBXFileReference; lastKnownFileType = wrapper.framework; name = ObjectMapper.framework; path = Carthage/Build/iOS/ObjectMapper.framework; sourceTree = "<group>"; };
		970A00C21BABB19D00B3BB87 /* SnapKit.framework */ = {isa = PBXFileReference; lastKnownFileType = wrapper.framework; name = SnapKit.framework; path = Carthage/Build/iOS/SnapKit.framework; sourceTree = "<group>"; };
		970E81221B7DB32D00D795EB /* AmericanChronicle-Bridging-Header.h */ = {isa = PBXFileReference; lastKnownFileType = sourcecode.c.h; path = "AmericanChronicle-Bridging-Header.h"; sourceTree = "<group>"; };
		971C2CD81B9BC94F00F00323 /* Browse.storyboard */ = {isa = PBXFileReference; fileEncoding = 4; lastKnownFileType = file.storyboard; path = Browse.storyboard; sourceTree = "<group>"; };
		9721FDC81B93FF26006798B2 /* Style.swift */ = {isa = PBXFileReference; fileEncoding = 4; lastKnownFileType = sourcecode.swift; path = Style.swift; sourceTree = "<group>"; };
		9721FDCA1B940EE7006798B2 /* TableHeaderView.swift */ = {isa = PBXFileReference; fileEncoding = 4; lastKnownFileType = sourcecode.swift; path = TableHeaderView.swift; sourceTree = "<group>"; };
		9725E5B11BDC547800E74370 /* CachedPageService.swift */ = {isa = PBXFileReference; fileEncoding = 4; lastKnownFileType = sourcecode.swift; path = CachedPageService.swift; sourceTree = "<group>"; };
		9725E5B31BDC571600E74370 /* SearchResultsRow.swift */ = {isa = PBXFileReference; fileEncoding = 4; lastKnownFileType = sourcecode.swift; path = SearchResultsRow.swift; sourceTree = "<group>"; };
		9725E5B51BDC783600E74370 /* SearchPagesServiceTests.swift */ = {isa = PBXFileReference; fileEncoding = 4; lastKnownFileType = sourcecode.swift; path = SearchPagesServiceTests.swift; sourceTree = "<group>"; };
		972613DC1C024EF500EDF550 /* OCRCoordinatesDataManager.swift */ = {isa = PBXFileReference; fileEncoding = 4; lastKnownFileType = sourcecode.swift; path = OCRCoordinatesDataManager.swift; sourceTree = "<group>"; };
		972613DE1C024F1700EDF550 /* OCRCoordinatesService.swift */ = {isa = PBXFileReference; fileEncoding = 4; lastKnownFileType = sourcecode.swift; path = OCRCoordinatesService.swift; sourceTree = "<group>"; };
		9730C1331BB0F20500355D7D /* WebImage.framework */ = {isa = PBXFileReference; lastKnownFileType = wrapper.framework; name = WebImage.framework; path = Carthage/Build/iOS/WebImage.framework; sourceTree = "<group>"; };
		97369DCD1BD45B5A0090EC38 /* SearchDataManagerTests.swift */ = {isa = PBXFileReference; fileEncoding = 4; lastKnownFileType = sourcecode.swift; path = SearchDataManagerTests.swift; sourceTree = "<group>"; };
		9739FE311BA28A04009ACD94 /* AlamofireIntegrationTests.swift */ = {isa = PBXFileReference; fileEncoding = 4; lastKnownFileType = sourcecode.swift; path = AlamofireIntegrationTests.swift; sourceTree = "<group>"; };
		97415ADD1B7847AE00326239 /* NewspaperPageCell.swift */ = {isa = PBXFileReference; fileEncoding = 4; lastKnownFileType = sourcecode.swift; path = NewspaperPageCell.swift; sourceTree = "<group>"; };
		97415AE11B785AAE00326239 /* NewspaperPageUnfocusSegue.swift */ = {isa = PBXFileReference; fileEncoding = 4; lastKnownFileType = sourcecode.swift; path = NewspaperPageUnfocusSegue.swift; sourceTree = "<group>"; };
		97415AE31B785D8400326239 /* CustomSegueNavigationController.swift */ = {isa = PBXFileReference; fileEncoding = 4; lastKnownFileType = sourcecode.swift; path = CustomSegueNavigationController.swift; sourceTree = "<group>"; };
		974BA3651B892D3400D7ACA2 /* State.swift */ = {isa = PBXFileReference; fileEncoding = 4; lastKnownFileType = sourcecode.swift; path = State.swift; sourceTree = "<group>"; };
		974BA3671B892D5200D7ACA2 /* City.swift */ = {isa = PBXFileReference; fileEncoding = 4; lastKnownFileType = sourcecode.swift; path = City.swift; sourceTree = "<group>"; };
		974BA3691B892D8900D7ACA2 /* Location.swift */ = {isa = PBXFileReference; fileEncoding = 4; lastKnownFileType = sourcecode.swift; path = Location.swift; sourceTree = "<group>"; };
		974BA36B1B892DD500D7ACA2 /* Newspaper.swift */ = {isa = PBXFileReference; fileEncoding = 4; lastKnownFileType = sourcecode.swift; path = Newspaper.swift; sourceTree = "<group>"; };
		974BA36D1B89343A00D7ACA2 /* StateName.swift */ = {isa = PBXFileReference; fileEncoding = 4; lastKnownFileType = sourcecode.swift; path = StateName.swift; sourceTree = "<group>"; };
		974E4FBD1BAF61FC006A8231 /* LoggingURLProtocol.swift */ = {isa = PBXFileReference; fileEncoding = 4; lastKnownFileType = sourcecode.swift; path = LoggingURLProtocol.swift; sourceTree = "<group>"; };
		975355671BF5A8550028B7FD /* KeyboardService.swift */ = {isa = PBXFileReference; fileEncoding = 4; lastKnownFileType = sourcecode.swift; path = KeyboardService.swift; sourceTree = "<group>"; };
		975914A91B7A47C40031BD13 /* SearchResultsPageCell.swift */ = {isa = PBXFileReference; fileEncoding = 4; lastKnownFileType = sourcecode.swift; path = SearchResultsPageCell.swift; sourceTree = "<group>"; };
		97597C1D1BF8025300363A00 /* KeyboardServiceTests.swift */ = {isa = PBXFileReference; fileEncoding = 4; lastKnownFileType = sourcecode.swift; path = KeyboardServiceTests.swift; sourceTree = "<group>"; };
		9762A08F1BB0E19D002A57C8 /* FakeSearchView.swift */ = {isa = PBXFileReference; fileEncoding = 4; lastKnownFileType = sourcecode.swift; path = FakeSearchView.swift; sourceTree = "<group>"; };
		9764976C1B7DA0270035A388 /* Month.swift */ = {isa = PBXFileReference; fileEncoding = 4; lastKnownFileType = sourcecode.swift; path = Month.swift; sourceTree = "<group>"; };
		9767C7321BBA518400F5CBEC /* PagePresenterTests.swift */ = {isa = PBXFileReference; fileEncoding = 4; lastKnownFileType = sourcecode.swift; path = PagePresenterTests.swift; sourceTree = "<group>"; };
		976D6EAF1C02543C00EF2B03 /* OCRCoordinates.swift */ = {isa = PBXFileReference; fileEncoding = 4; lastKnownFileType = sourcecode.swift; path = OCRCoordinates.swift; sourceTree = "<group>"; };
		976D6EB11C02588800EF2B03 /* OCRCoordinatesTests.swift */ = {isa = PBXFileReference; fileEncoding = 4; lastKnownFileType = sourcecode.swift; path = OCRCoordinatesTests.swift; sourceTree = "<group>"; };
		976D6EB41C0259B300EF2B03 /* ocr_coordinates-response.json */ = {isa = PBXFileReference; fileEncoding = 4; lastKnownFileType = text.json; path = "ocr_coordinates-response.json"; sourceTree = "<group>"; };
		976D6EB51C0259B300EF2B03 /* search_pages-response.json */ = {isa = PBXFileReference; fileEncoding = 4; lastKnownFileType = text.json; path = "search_pages-response.json"; sourceTree = "<group>"; };
		97789B931BB10206000B298C /* PageInteractor.swift */ = {isa = PBXFileReference; fileEncoding = 4; lastKnownFileType = sourcecode.swift; path = PageInteractor.swift; sourceTree = "<group>"; };
		97789B951BB10316000B298C /* PageInteractorTests.swift */ = {isa = PBXFileReference; fileEncoding = 4; lastKnownFileType = sourcecode.swift; path = PageInteractorTests.swift; sourceTree = "<group>"; };
		977F0A561B7FC3E700C4B0FC /* DatePickerViewController.swift */ = {isa = PBXFileReference; fileEncoding = 4; lastKnownFileType = sourcecode.swift; path = DatePickerViewController.swift; sourceTree = "<group>"; };
		977F0A571B7FC3E700C4B0FC /* DatePickerViewController.xib */ = {isa = PBXFileReference; fileEncoding = 4; lastKnownFileType = file.xib; path = DatePickerViewController.xib; sourceTree = "<group>"; };
		977F0A5A1B7FC58200C4B0FC /* CalendarViewDelegate.swift */ = {isa = PBXFileReference; fileEncoding = 4; lastKnownFileType = sourcecode.swift; path = CalendarViewDelegate.swift; sourceTree = "<group>"; };
		977F0A5C1B7FC5BA00C4B0FC /* CalendarViewDataSource.swift */ = {isa = PBXFileReference; fileEncoding = 4; lastKnownFileType = sourcecode.swift; path = CalendarViewDataSource.swift; sourceTree = "<group>"; };
		977F10941BA50B53003BEF11 /* TestURLProtocol.swift */ = {isa = PBXFileReference; fileEncoding = 4; lastKnownFileType = sourcecode.swift; path = TestURLProtocol.swift; sourceTree = "<group>"; };
		977F109A1BA54A98003BEF11 /* FakeViewController.swift */ = {isa = PBXFileReference; fileEncoding = 4; lastKnownFileType = sourcecode.swift; path = FakeViewController.swift; sourceTree = "<group>"; };
		977F109C1BA54B1A003BEF11 /* FakeSearchPresenter.swift */ = {isa = PBXFileReference; fileEncoding = 4; lastKnownFileType = sourcecode.swift; path = FakeSearchPresenter.swift; sourceTree = "<group>"; };
		977F109F1BA54C14003BEF11 /* FakeSearchPagesService.swift */ = {isa = PBXFileReference; fileEncoding = 4; lastKnownFileType = sourcecode.swift; path = FakeSearchPagesService.swift; sourceTree = "<group>"; };
		977F10A11BA54C62003BEF11 /* FakeSearchInteractor.swift */ = {isa = PBXFileReference; fileEncoding = 4; lastKnownFileType = sourcecode.swift; path = FakeSearchInteractor.swift; sourceTree = "<group>"; };
		978236181B7FD0D00056FDF6 /* ChroniclingAmericaEndpoint.swift */ = {isa = PBXFileReference; fileEncoding = 4; lastKnownFileType = sourcecode.swift; path = ChroniclingAmericaEndpoint.swift; sourceTree = "<group>"; };
		9782361A1B7FD1F00056FDF6 /* SearchFilters.swift */ = {isa = PBXFileReference; fileEncoding = 4; lastKnownFileType = sourcecode.swift; path = SearchFilters.swift; sourceTree = "<group>"; };
		9782361C1B7FFCF80056FDF6 /* YearSlider.swift */ = {isa = PBXFileReference; fileEncoding = 4; lastKnownFileType = sourcecode.swift; path = YearSlider.swift; sourceTree = "<group>"; };
		9782361E1B8000CE0056FDF6 /* YearSliderTests.swift */ = {isa = PBXFileReference; fileEncoding = 4; lastKnownFileType = sourcecode.swift; path = YearSliderTests.swift; sourceTree = "<group>"; };
		978741461B7832660014D1F0 /* NewspaperPagesDataSource.swift */ = {isa = PBXFileReference; fileEncoding = 4; lastKnownFileType = sourcecode.swift; path = NewspaperPagesDataSource.swift; sourceTree = "<group>"; };
		9787414A1B7835C30014D1F0 /* NewspaperPagesPreviewDelegate.swift */ = {isa = PBXFileReference; fileEncoding = 4; lastKnownFileType = sourcecode.swift; path = NewspaperPagesPreviewDelegate.swift; sourceTree = "<group>"; };
		978D11521B955C39003B98C5 /* UIAppearance+AMC.h */ = {isa = PBXFileReference; fileEncoding = 4; lastKnownFileType = sourcecode.c.h; path = "UIAppearance+AMC.h"; sourceTree = "<group>"; };
		978D11531B955C39003B98C5 /* UIAppearance+AMC.m */ = {isa = PBXFileReference; fileEncoding = 4; lastKnownFileType = sourcecode.c.objc; path = "UIAppearance+AMC.m"; sourceTree = "<group>"; };
		978D11551B956EAA003B98C5 /* Search.storyboard */ = {isa = PBXFileReference; fileEncoding = 4; lastKnownFileType = file.storyboard; path = Search.storyboard; sourceTree = "<group>"; };
		978D11571B956F2D003B98C5 /* SearchField.swift */ = {isa = PBXFileReference; fileEncoding = 4; lastKnownFileType = sourcecode.swift; path = SearchField.swift; sourceTree = "<group>"; };
		978E95D71BEF2E9E00A4E71E /* CachedSearchResultsService.swift */ = {isa = PBXFileReference; fileEncoding = 4; lastKnownFileType = sourcecode.swift; path = CachedSearchResultsService.swift; sourceTree = "<group>"; };
		978E9B141BAFA3950001690C /* DelayedSearch.swift */ = {isa = PBXFileReference; fileEncoding = 4; lastKnownFileType = sourcecode.swift; path = DelayedSearch.swift; sourceTree = "<group>"; };
		978E9B161BAFA5400001690C /* SearchResult.swift */ = {isa = PBXFileReference; fileEncoding = 4; lastKnownFileType = sourcecode.swift; path = SearchResult.swift; sourceTree = "<group>"; };
		978E9B191BAFA6360001690C /* SearchResults.swift */ = {isa = PBXFileReference; fileEncoding = 4; lastKnownFileType = sourcecode.swift; path = SearchResults.swift; sourceTree = "<group>"; };
		978E9B1B1BAFB29E0001690C /* String+AMC.swift */ = {isa = PBXFileReference; fileEncoding = 4; lastKnownFileType = sourcecode.swift; path = "String+AMC.swift"; sourceTree = "<group>"; };
		9790826E1B8135150056CA9C /* LocationSearchViewController.swift */ = {isa = PBXFileReference; fileEncoding = 4; lastKnownFileType = sourcecode.swift; path = LocationSearchViewController.swift; sourceTree = "<group>"; };
		9790826F1B8135150056CA9C /* LocationSearchViewController.xib */ = {isa = PBXFileReference; fileEncoding = 4; lastKnownFileType = file.xib; path = LocationSearchViewController.xib; sourceTree = "<group>"; };
		979082761B8147590056CA9C /* MapKit.framework */ = {isa = PBXFileReference; lastKnownFileType = wrapper.framework; name = MapKit.framework; path = System/Library/Frameworks/MapKit.framework; sourceTree = SDKROOT; };
		97924DF51BDC14F30035E5F6 /* PageDataManagerTests.swift */ = {isa = PBXFileReference; fileEncoding = 4; lastKnownFileType = sourcecode.swift; path = PageDataManagerTests.swift; sourceTree = "<group>"; };
		97963F861BCC31D700248942 /* PageWireframe.swift */ = {isa = PBXFileReference; fileEncoding = 4; lastKnownFileType = sourcecode.swift; path = PageWireframe.swift; sourceTree = "<group>"; };
		97963F891BCC784000248942 /* PageService.swift */ = {isa = PBXFileReference; fileEncoding = 4; lastKnownFileType = sourcecode.swift; path = PageService.swift; sourceTree = "<group>"; };
		97963F8D1BCC792400248942 /* Manager+AMC.swift */ = {isa = PBXFileReference; fileEncoding = 4; lastKnownFileType = sourcecode.swift; path = "Manager+AMC.swift"; sourceTree = "<group>"; };
		97963F8F1BCC795D00248942 /* Request+AMC.swift */ = {isa = PBXFileReference; fileEncoding = 4; lastKnownFileType = sourcecode.swift; path = "Request+AMC.swift"; sourceTree = "<group>"; };
		97963F911BCC7ACE00248942 /* NSFileManager+AMC.swift */ = {isa = PBXFileReference; fileEncoding = 4; lastKnownFileType = sourcecode.swift; path = "NSFileManager+AMC.swift"; sourceTree = "<group>"; };
		97963F931BCC7BFE00248942 /* SearchPagesService.swift */ = {isa = PBXFileReference; fileEncoding = 4; lastKnownFileType = sourcecode.swift; path = SearchPagesService.swift; sourceTree = "<group>"; };
		97963F951BCC84D700248942 /* SearchDataManager.swift */ = {isa = PBXFileReference; fileEncoding = 4; lastKnownFileType = sourcecode.swift; path = SearchDataManager.swift; sourceTree = "<group>"; };
		979BF8201B928697006482F1 /* NewspaperPage.swift */ = {isa = PBXFileReference; fileEncoding = 4; lastKnownFileType = sourcecode.swift; path = NewspaperPage.swift; sourceTree = "<group>"; };
		979E20721BD2B8CD007C7F5F /* PageDataManager.swift */ = {isa = PBXFileReference; fileEncoding = 4; lastKnownFileType = sourcecode.swift; path = PageDataManager.swift; sourceTree = "<group>"; };
		979E20741BD2F669007C7F5F /* SearchModuleDependencies.swift */ = {isa = PBXFileReference; fileEncoding = 4; lastKnownFileType = sourcecode.swift; path = SearchModuleDependencies.swift; sourceTree = "<group>"; };
		979E20761BD3058A007C7F5F /* PageModuleDependencies.swift */ = {isa = PBXFileReference; fileEncoding = 4; lastKnownFileType = sourcecode.swift; path = PageModuleDependencies.swift; sourceTree = "<group>"; };
		979E20791BD30E40007C7F5F /* FakePageService.swift */ = {isa = PBXFileReference; fileEncoding = 4; lastKnownFileType = sourcecode.swift; path = FakePageService.swift; sourceTree = "<group>"; };
		97A7D9AD1B866E7E00DDBF59 /* SearchFiltersViewController.xib */ = {isa = PBXFileReference; fileEncoding = 4; lastKnownFileType = file.xib; path = SearchFiltersViewController.xib; sourceTree = "<group>"; };
		97B829321BC08C5700B35538 /* PDFPageView.swift */ = {isa = PBXFileReference; fileEncoding = 4; lastKnownFileType = sourcecode.swift; path = PDFPageView.swift; sourceTree = "<group>"; };
		97BDE10F1B76ED6B00A3E57F /* AmericanChronicle.app */ = {isa = PBXFileReference; explicitFileType = wrapper.application; includeInIndex = 0; path = AmericanChronicle.app; sourceTree = BUILT_PRODUCTS_DIR; };
		97BDE1131B76ED6B00A3E57F /* Info.plist */ = {isa = PBXFileReference; lastKnownFileType = text.plist.xml; path = Info.plist; sourceTree = "<group>"; };
		97BDE1141B76ED6B00A3E57F /* AppDelegate.swift */ = {isa = PBXFileReference; lastKnownFileType = sourcecode.swift; path = AppDelegate.swift; sourceTree = "<group>"; };
		97BDE1161B76ED6B00A3E57F /* HomeViewController.swift */ = {isa = PBXFileReference; lastKnownFileType = sourcecode.swift; path = HomeViewController.swift; sourceTree = "<group>"; };
		97BDE1181B76ED6B00A3E57F /* NewspaperIssuesViewController.swift */ = {isa = PBXFileReference; lastKnownFileType = sourcecode.swift; path = NewspaperIssuesViewController.swift; sourceTree = "<group>"; };
		97BDE11B1B76ED6B00A3E57F /* Base */ = {isa = PBXFileReference; lastKnownFileType = file.storyboard; name = Base; path = Base.lproj/Home.storyboard; sourceTree = "<group>"; };
		97BDE11D1B76ED6B00A3E57F /* Images.xcassets */ = {isa = PBXFileReference; lastKnownFileType = folder.assetcatalog; path = Images.xcassets; sourceTree = "<group>"; };
		97BDE1201B76ED6B00A3E57F /* Base */ = {isa = PBXFileReference; lastKnownFileType = file.xib; name = Base; path = Base.lproj/LaunchScreen.xib; sourceTree = "<group>"; };
		97BDE1261B76ED6B00A3E57F /* AmericanChronicleTests.xctest */ = {isa = PBXFileReference; explicitFileType = wrapper.cfbundle; includeInIndex = 0; path = AmericanChronicleTests.xctest; sourceTree = BUILT_PRODUCTS_DIR; };
		97BDE12B1B76ED6B00A3E57F /* Info.plist */ = {isa = PBXFileReference; lastKnownFileType = text.plist.xml; path = Info.plist; sourceTree = "<group>"; };
		97BDE1361B76F84F00A3E57F /* SearchViewController.swift */ = {isa = PBXFileReference; fileEncoding = 4; lastKnownFileType = sourcecode.swift; path = SearchViewController.swift; sourceTree = "<group>"; };
		97BDE1381B7703CA00A3E57F /* PageViewController.swift */ = {isa = PBXFileReference; fileEncoding = 4; lastKnownFileType = sourcecode.swift; path = PageViewController.swift; sourceTree = "<group>"; };
		97BDE13A1B771B4800A3E57F /* NewspaperPagesViewController.swift */ = {isa = PBXFileReference; fileEncoding = 4; lastKnownFileType = sourcecode.swift; path = NewspaperPagesViewController.swift; sourceTree = "<group>"; };
		97BE67491B7B004B00761033 /* SearchFiltersViewController.swift */ = {isa = PBXFileReference; fileEncoding = 4; lastKnownFileType = sourcecode.swift; path = SearchFiltersViewController.swift; sourceTree = "<group>"; };
		97C02B001B9E51FA00126611 /* SearchPresenterTests.swift */ = {isa = PBXFileReference; fileEncoding = 4; lastKnownFileType = sourcecode.swift; path = SearchPresenterTests.swift; sourceTree = "<group>"; };
		97C02B021B9E5B3E00126611 /* SearchWireframeTests.swift */ = {isa = PBXFileReference; fileEncoding = 4; lastKnownFileType = sourcecode.swift; path = SearchWireframeTests.swift; sourceTree = "<group>"; };
		97C99FB71B96BAC5001310DE /* SearchFieldCell.swift */ = {isa = PBXFileReference; fileEncoding = 4; lastKnownFileType = sourcecode.swift; path = SearchFieldCell.swift; sourceTree = "<group>"; };
		97CC38501BB0EB1800E1B67A /* SearchResultTests.swift */ = {isa = PBXFileReference; fileEncoding = 4; lastKnownFileType = sourcecode.swift; path = SearchResultTests.swift; sourceTree = "<group>"; };
		97D3F8491B994B5E008B8D81 /* Page.storyboard */ = {isa = PBXFileReference; fileEncoding = 4; lastKnownFileType = file.storyboard; path = Page.storyboard; sourceTree = "<group>"; };
		97DB4FAC1C02E2990091F33D /* OCRCoordinatesServiceTests.swift */ = {isa = PBXFileReference; fileEncoding = 4; lastKnownFileType = sourcecode.swift; path = OCRCoordinatesServiceTests.swift; sourceTree = "<group>"; };
		97DD1C551BEFFE7A00A67538 /* FakeDelayedSearch.swift */ = {isa = PBXFileReference; fileEncoding = 4; lastKnownFileType = sourcecode.swift; path = FakeDelayedSearch.swift; sourceTree = "<group>"; };
		97DD1C571BEFFEAC00A67538 /* FakeSearchDataManager.swift */ = {isa = PBXFileReference; fileEncoding = 4; lastKnownFileType = sourcecode.swift; path = FakeSearchDataManager.swift; sourceTree = "<group>"; };
		97DD1C591BEFFEF100A67538 /* FakeSearchInteractorDelegate.swift */ = {isa = PBXFileReference; fileEncoding = 4; lastKnownFileType = sourcecode.swift; path = FakeSearchInteractorDelegate.swift; sourceTree = "<group>"; };
		97DD1C5B1BEFFF4800A67538 /* FakeDelayedSearchFactory.swift */ = {isa = PBXFileReference; fileEncoding = 4; lastKnownFileType = sourcecode.swift; path = FakeDelayedSearchFactory.swift; sourceTree = "<group>"; };
		97DD1C5D1BF0002700A67538 /* FakeSearchWireframe.swift */ = {isa = PBXFileReference; fileEncoding = 4; lastKnownFileType = sourcecode.swift; path = FakeSearchWireframe.swift; sourceTree = "<group>"; };
		97DFA8011B9026C8006578CF /* NewspaperIssue.swift */ = {isa = PBXFileReference; fileEncoding = 4; lastKnownFileType = sourcecode.swift; path = NewspaperIssue.swift; sourceTree = "<group>"; };
		97DFA8031B903025006578CF /* NewspaperIssueCell.swift */ = {isa = PBXFileReference; fileEncoding = 4; lastKnownFileType = sourcecode.swift; path = NewspaperIssueCell.swift; sourceTree = "<group>"; };
		97E744171BD750D700963C62 /* PageServiceTests.swift */ = {isa = PBXFileReference; fileEncoding = 4; lastKnownFileType = sourcecode.swift; path = PageServiceTests.swift; sourceTree = "<group>"; };
		97EAC1DA1B9D2DB600956EBC /* SearchWireframe.swift */ = {isa = PBXFileReference; fileEncoding = 4; lastKnownFileType = sourcecode.swift; path = SearchWireframe.swift; sourceTree = "<group>"; };
		97EAC1DC1B9D2F0C00956EBC /* SearchPresenter.swift */ = {isa = PBXFileReference; fileEncoding = 4; lastKnownFileType = sourcecode.swift; path = SearchPresenter.swift; sourceTree = "<group>"; };
		97EAC1DE1B9D3E0300956EBC /* RootWireframe.swift */ = {isa = PBXFileReference; fileEncoding = 4; lastKnownFileType = sourcecode.swift; path = RootWireframe.swift; sourceTree = "<group>"; };
		97EAC1E01B9D3FDF00956EBC /* HomeWireframe.swift */ = {isa = PBXFileReference; fileEncoding = 4; lastKnownFileType = sourcecode.swift; path = HomeWireframe.swift; sourceTree = "<group>"; };
		97EAC1E21B9D434800956EBC /* SearchInteractor.swift */ = {isa = PBXFileReference; fileEncoding = 4; lastKnownFileType = sourcecode.swift; path = SearchInteractor.swift; sourceTree = "<group>"; };
		97EAC1E41B9D442800956EBC /* SearchInteractorTests.swift */ = {isa = PBXFileReference; fileEncoding = 4; lastKnownFileType = sourcecode.swift; path = SearchInteractorTests.swift; sourceTree = "<group>"; };
		97ED42CB1BDD879300884B3E /* NSError+AMC.swift */ = {isa = PBXFileReference; fileEncoding = 4; lastKnownFileType = sourcecode.swift; path = "NSError+AMC.swift"; sourceTree = "<group>"; };
		97F0F8D31BB51125004753F0 /* Alamofire.framework.dSYM */ = {isa = PBXFileReference; lastKnownFileType = wrapper.dsym; name = Alamofire.framework.dSYM; path = Carthage/Build/iOS/Alamofire.framework.dSYM; sourceTree = "<group>"; };
		97F0F8D41BB51125004753F0 /* AlamofireObjectMapper.framework.dSYM */ = {isa = PBXFileReference; lastKnownFileType = wrapper.dsym; name = AlamofireObjectMapper.framework.dSYM; path = Carthage/Build/iOS/AlamofireObjectMapper.framework.dSYM; sourceTree = "<group>"; };
		97F0F8D51BB51125004753F0 /* FSCalendar.framework.dSYM */ = {isa = PBXFileReference; lastKnownFileType = wrapper.dsym; name = FSCalendar.framework.dSYM; path = Carthage/Build/iOS/FSCalendar.framework.dSYM; sourceTree = "<group>"; };
		97F0F8D61BB51125004753F0 /* ObjectMapper.framework.dSYM */ = {isa = PBXFileReference; lastKnownFileType = wrapper.dsym; name = ObjectMapper.framework.dSYM; path = Carthage/Build/iOS/ObjectMapper.framework.dSYM; sourceTree = "<group>"; };
		97F0F8D71BB51125004753F0 /* SnapKit.framework.dSYM */ = {isa = PBXFileReference; lastKnownFileType = wrapper.dsym; name = SnapKit.framework.dSYM; path = Carthage/Build/iOS/SnapKit.framework.dSYM; sourceTree = "<group>"; };
		97F0F8D81BB51125004753F0 /* WebImage.framework.dSYM */ = {isa = PBXFileReference; lastKnownFileType = wrapper.dsym; name = WebImage.framework.dSYM; path = Carthage/Build/iOS/WebImage.framework.dSYM; sourceTree = "<group>"; };
		97F622021BE9E94000F0DB63 /* DelayedSearchTests.swift */ = {isa = PBXFileReference; fileEncoding = 4; lastKnownFileType = sourcecode.swift; path = DelayedSearchTests.swift; sourceTree = "<group>"; };
		97F707D01BB8AE8F00A3D760 /* PagePresenter.swift */ = {isa = PBXFileReference; fileEncoding = 4; lastKnownFileType = sourcecode.swift; path = PagePresenter.swift; sourceTree = "<group>"; };
		97FC5EA81BABD04B0097CB29 /* copy_dsyms.rb */ = {isa = PBXFileReference; fileEncoding = 4; lastKnownFileType = text.script.ruby; path = copy_dsyms.rb; sourceTree = "<group>"; };
		97FE01511BDC48C00098E45F /* PageWireframeTests.swift */ = {isa = PBXFileReference; fileEncoding = 4; lastKnownFileType = sourcecode.swift; path = PageWireframeTests.swift; sourceTree = "<group>"; };
/* End PBXFileReference section */

/* Begin PBXFrameworksBuildPhase section */
		97BDE10C1B76ED6B00A3E57F /* Frameworks */ = {
			isa = PBXFrameworksBuildPhase;
			buildActionMask = 2147483647;
			files = (
				970A00C31BABB19D00B3BB87 /* Alamofire.framework in Frameworks */,
				970A00C41BABB19D00B3BB87 /* AlamofireObjectMapper.framework in Frameworks */,
				970A00C51BABB19D00B3BB87 /* FSCalendar.framework in Frameworks */,
				970A00C61BABB19D00B3BB87 /* ObjectMapper.framework in Frameworks */,
				970A00C71BABB19D00B3BB87 /* SnapKit.framework in Frameworks */,
				9730C1341BB0F20500355D7D /* WebImage.framework in Frameworks */,
			);
			runOnlyForDeploymentPostprocessing = 0;
		};
		97BDE1231B76ED6B00A3E57F /* Frameworks */ = {
			isa = PBXFrameworksBuildPhase;
			buildActionMask = 2147483647;
			files = (
				9791A5D41BABC868008CF0A6 /* ObjectMapper.framework in Frameworks */,
			);
			runOnlyForDeploymentPostprocessing = 0;
		};
/* End PBXFrameworksBuildPhase section */

/* Begin PBXGroup section */
		315BF8B2FAAA7D968A3BFE28 /* Frameworks */ = {
			isa = PBXGroup;
			children = (
				9730C1331BB0F20500355D7D /* WebImage.framework */,
				970A00BE1BABB19D00B3BB87 /* Alamofire.framework */,
				970A00BF1BABB19D00B3BB87 /* AlamofireObjectMapper.framework */,
				970A00C01BABB19D00B3BB87 /* FSCalendar.framework */,
				970A00C11BABB19D00B3BB87 /* ObjectMapper.framework */,
				970A00C21BABB19D00B3BB87 /* SnapKit.framework */,
				979082761B8147590056CA9C /* MapKit.framework */,
			);
			name = Frameworks;
			sourceTree = "<group>";
		};
		970782391BC4DD0900D23517 /* PDF_Samples */ = {
			isa = PBXGroup;
			children = (
				9707823A1BC4DD0900D23517 /* seq-1.pdf */,
				9707823B1BC4DD0900D23517 /* seq-18.pdf */,
			);
			path = PDF_Samples;
			sourceTree = "<group>";
		};
		9725E5B71BDC784100E74370 /* Services */ = {
			isa = PBXGroup;
			children = (
				97597C1D1BF8025300363A00 /* KeyboardServiceTests.swift */,
				97DB4FAC1C02E2990091F33D /* OCRCoordinatesServiceTests.swift */,
				97E744171BD750D700963C62 /* PageServiceTests.swift */,
				9725E5B51BDC783600E74370 /* SearchPagesServiceTests.swift */,
			);
			name = Services;
			sourceTree = "<group>";
		};
		974E4FBC1BAF6160006A8231 /* dSYMs */ = {
			isa = PBXGroup;
			children = (
				97F0F8D31BB51125004753F0 /* Alamofire.framework.dSYM */,
				97F0F8D41BB51125004753F0 /* AlamofireObjectMapper.framework.dSYM */,
				97F0F8D51BB51125004753F0 /* FSCalendar.framework.dSYM */,
				97F0F8D61BB51125004753F0 /* ObjectMapper.framework.dSYM */,
				97F0F8D71BB51125004753F0 /* SnapKit.framework.dSYM */,
				97F0F8D81BB51125004753F0 /* WebImage.framework.dSYM */,
				97FC5EA81BABD04B0097CB29 /* copy_dsyms.rb */,
			);
			name = dSYMs;
			sourceTree = "<group>";
		};
		9767C7341BBA519100F5CBEC /* Page */ = {
			isa = PBXGroup;
			children = (
				97789B951BB10316000B298C /* PageInteractorTests.swift */,
				9767C7321BBA518400F5CBEC /* PagePresenterTests.swift */,
				97924DF51BDC14F30035E5F6 /* PageDataManagerTests.swift */,
				97FE01511BDC48C00098E45F /* PageWireframeTests.swift */,
				976D6EB11C02588800EF2B03 /* OCRCoordinatesTests.swift */,
			);
			name = Page;
			sourceTree = "<group>";
		};
		976D6EB31C0259B300EF2B03 /* JSON_Samples */ = {
			isa = PBXGroup;
			children = (
				976D6EB41C0259B300EF2B03 /* ocr_coordinates-response.json */,
				976D6EB51C0259B300EF2B03 /* search_pages-response.json */,
			);
			name = JSON_Samples;
			path = API_Samples;
			sourceTree = "<group>";
		};
		977F109E1BA54BCA003BEF11 /* Fakes */ = {
			isa = PBXGroup;
			children = (
				977F109C1BA54B1A003BEF11 /* FakeSearchPresenter.swift */,
				9762A08F1BB0E19D002A57C8 /* FakeSearchView.swift */,
				977F109A1BA54A98003BEF11 /* FakeViewController.swift */,
				977F109F1BA54C14003BEF11 /* FakeSearchPagesService.swift */,
				979E20791BD30E40007C7F5F /* FakePageService.swift */,
				977F10A11BA54C62003BEF11 /* FakeSearchInteractor.swift */,
				97DD1C551BEFFE7A00A67538 /* FakeDelayedSearch.swift */,
				97DD1C571BEFFEAC00A67538 /* FakeSearchDataManager.swift */,
				97DD1C591BEFFEF100A67538 /* FakeSearchInteractorDelegate.swift */,
				97DD1C5B1BEFFF4800A67538 /* FakeDelayedSearchFactory.swift */,
				97DD1C5D1BF0002700A67538 /* FakeSearchWireframe.swift */,
			);
			name = Fakes;
			sourceTree = "<group>";
		};
		978E9B121BAF9F380001690C /* Modules */ = {
			isa = PBXGroup;
			children = (
				978E9B131BAF9F430001690C /* Search */,
				9767C7341BBA519100F5CBEC /* Page */,
			);
			name = Modules;
			sourceTree = "<group>";
		};
		978E9B131BAF9F430001690C /* Search */ = {
			isa = PBXGroup;
			children = (
				97C02B021B9E5B3E00126611 /* SearchWireframeTests.swift */,
				97C02B001B9E51FA00126611 /* SearchPresenterTests.swift */,
				97EAC1E41B9D442800956EBC /* SearchInteractorTests.swift */,
				97F622021BE9E94000F0DB63 /* DelayedSearchTests.swift */,
				97369DCD1BD45B5A0090EC38 /* SearchDataManagerTests.swift */,
				97CC38501BB0EB1800E1B67A /* SearchResultTests.swift */,
			);
			name = Search;
			sourceTree = "<group>";
		};
		978E9B181BAFA6120001690C /* Entities */ = {
			isa = PBXGroup;
			children = (
				978E9B161BAFA5400001690C /* SearchResult.swift */,
				978E9B191BAFA6360001690C /* SearchResults.swift */,
				9725E5B31BDC571600E74370 /* SearchResultsRow.swift */,
			);
			name = Entities;
			sourceTree = "<group>";
		};
		978E9B1D1BAFB5340001690C /* View */ = {
			isa = PBXGroup;
			children = (
				978D11551B956EAA003B98C5 /* Search.storyboard */,
				97BDE1361B76F84F00A3E57F /* SearchViewController.swift */,
				975914A91B7A47C40031BD13 /* SearchResultsPageCell.swift */,
			);
			name = View;
			sourceTree = "<group>";
		};
		97963F851BCC2B1800248942 /* Extensions */ = {
			isa = PBXGroup;
			children = (
				9704921A1BC4D8C4001DA2DE /* CGPDFPageRef+AMC.swift */,
				978D11521B955C39003B98C5 /* UIAppearance+AMC.h */,
				978D11531B955C39003B98C5 /* UIAppearance+AMC.m */,
				978E9B1B1BAFB29E0001690C /* String+AMC.swift */,
				97963F8D1BCC792400248942 /* Manager+AMC.swift */,
				97963F8F1BCC795D00248942 /* Request+AMC.swift */,
				97ED42CB1BDD879300884B3E /* NSError+AMC.swift */,
				97963F911BCC7ACE00248942 /* NSFileManager+AMC.swift */,
			);
			name = Extensions;
			sourceTree = "<group>";
		};
		97963F881BCC779000248942 /* Services */ = {
			isa = PBXGroup;
			children = (
				975355671BF5A8550028B7FD /* KeyboardService.swift */,
				978236181B7FD0D00056FDF6 /* ChroniclingAmericaEndpoint.swift */,
				97963F891BCC784000248942 /* PageService.swift */,
				9725E5B11BDC547800E74370 /* CachedPageService.swift */,
				97963F931BCC7BFE00248942 /* SearchPagesService.swift */,
				972613DE1C024F1700EDF550 /* OCRCoordinatesService.swift */,
				978E95D71BEF2E9E00A4E71E /* CachedSearchResultsService.swift */,
			);
			name = Services;
			sourceTree = "<group>";
		};
		979E20781BD30BDC007C7F5F /* View */ = {
			isa = PBXGroup;
			children = (
				97D3F8491B994B5E008B8D81 /* Page.storyboard */,
				97BDE1381B7703CA00A3E57F /* PageViewController.swift */,
				970492181BC4D898001DA2DE /* PageView.swift */,
				97B829321BC08C5700B35538 /* PDFPageView.swift */,
			);
			name = View;
			sourceTree = "<group>";
		};
		97AB2A4B1B84277300666E95 /* Home */ = {
			isa = PBXGroup;
			children = (
				97BDE11A1B76ED6B00A3E57F /* Home.storyboard */,
				97BDE1161B76ED6B00A3E57F /* HomeViewController.swift */,
				974BA36B1B892DD500D7ACA2 /* Newspaper.swift */,
				97DFA8011B9026C8006578CF /* NewspaperIssue.swift */,
				979BF8201B928697006482F1 /* NewspaperPage.swift */,
				974BA3691B892D8900D7ACA2 /* Location.swift */,
				974BA3651B892D3400D7ACA2 /* State.swift */,
				974BA36D1B89343A00D7ACA2 /* StateName.swift */,
				974BA3671B892D5200D7ACA2 /* City.swift */,
				9721FDCA1B940EE7006798B2 /* TableHeaderView.swift */,
				97EAC1E01B9D3FDF00956EBC /* HomeWireframe.swift */,
			);
			name = Home;
			sourceTree = "<group>";
		};
		97AB2A4C1B84278400666E95 /* Search */ = {
			isa = PBXGroup;
			children = (
				979E20741BD2F669007C7F5F /* SearchModuleDependencies.swift */,
				97EAC1DA1B9D2DB600956EBC /* SearchWireframe.swift */,
				978E9B1D1BAFB5340001690C /* View */,
				97EAC1DC1B9D2F0C00956EBC /* SearchPresenter.swift */,
				97EAC1E21B9D434800956EBC /* SearchInteractor.swift */,
				97963F951BCC84D700248942 /* SearchDataManager.swift */,
				978E9B181BAFA6120001690C /* Entities */,
				978E9B141BAFA3950001690C /* DelayedSearch.swift */,
			);
			name = Search;
			sourceTree = "<group>";
		};
		97AB2A4D1B84298700666E95 /* Browse */ = {
			isa = PBXGroup;
			children = (
				97BDE1181B76ED6B00A3E57F /* NewspaperIssuesViewController.swift */,
				97BDE13A1B771B4800A3E57F /* NewspaperPagesViewController.swift */,
				978741461B7832660014D1F0 /* NewspaperPagesDataSource.swift */,
				9787414A1B7835C30014D1F0 /* NewspaperPagesPreviewDelegate.swift */,
				97415ADD1B7847AE00326239 /* NewspaperPageCell.swift */,
				97DFA8031B903025006578CF /* NewspaperIssueCell.swift */,
				97415AE11B785AAE00326239 /* NewspaperPageUnfocusSegue.swift */,
				971C2CD81B9BC94F00F00323 /* Browse.storyboard */,
			);
			name = Browse;
			sourceTree = "<group>";
		};
		97AB2A4E1B842A9900666E95 /* App-wide */ = {
			isa = PBXGroup;
			children = (
				97BDE1141B76ED6B00A3E57F /* AppDelegate.swift */,
				97963F881BCC779000248942 /* Services */,
				9721FDC81B93FF26006798B2 /* Style.swift */,
				97BDE11F1B76ED6B00A3E57F /* LaunchScreen.xib */,
				9764976C1B7DA0270035A388 /* Month.swift */,
				978D11571B956F2D003B98C5 /* SearchField.swift */,
				97415AE31B785D8400326239 /* CustomSegueNavigationController.swift */,
				97963F851BCC2B1800248942 /* Extensions */,
				97C99FB71B96BAC5001310DE /* SearchFieldCell.swift */,
				97EAC1DE1B9D3E0300956EBC /* RootWireframe.swift */,
				974E4FBD1BAF61FC006A8231 /* LoggingURLProtocol.swift */,
			);
			name = "App-wide";
			sourceTree = "<group>";
		};
		97AB2A4F1B842B4F00666E95 /* Page */ = {
			isa = PBXGroup;
			children = (
				979E20761BD3058A007C7F5F /* PageModuleDependencies.swift */,
				97963F861BCC31D700248942 /* PageWireframe.swift */,
				979E20781BD30BDC007C7F5F /* View */,
				97F707D01BB8AE8F00A3D760 /* PagePresenter.swift */,
				97789B931BB10206000B298C /* PageInteractor.swift */,
				979E20721BD2B8CD007C7F5F /* PageDataManager.swift */,
				972613DC1C024EF500EDF550 /* OCRCoordinatesDataManager.swift */,
				976D6EAF1C02543C00EF2B03 /* OCRCoordinates.swift */,
			);
			name = Page;
			sourceTree = "<group>";
		};
		97BDE1061B76ED6B00A3E57F = {
			isa = PBXGroup;
			children = (
				974E4FBC1BAF6160006A8231 /* dSYMs */,
				97BDE1111B76ED6B00A3E57F /* AmericanChronicle */,
				97BDE1291B76ED6B00A3E57F /* AmericanChronicleTests */,
				97BDE1101B76ED6B00A3E57F /* Products */,
				315BF8B2FAAA7D968A3BFE28 /* Frameworks */,
			);
			sourceTree = "<group>";
		};
		97BDE1101B76ED6B00A3E57F /* Products */ = {
			isa = PBXGroup;
			children = (
				97BDE10F1B76ED6B00A3E57F /* AmericanChronicle.app */,
				97BDE1261B76ED6B00A3E57F /* AmericanChronicleTests.xctest */,
			);
			name = Products;
			sourceTree = "<group>";
		};
		97BDE1111B76ED6B00A3E57F /* AmericanChronicle */ = {
			isa = PBXGroup;
			children = (
				97EAC1D81B9D291E00956EBC /* Classes */,
				97BDE11D1B76ED6B00A3E57F /* Images.xcassets */,
				97BDE1121B76ED6B00A3E57F /* Supporting Files */,
			);
			path = AmericanChronicle;
			sourceTree = "<group>";
		};
		97BDE1121B76ED6B00A3E57F /* Supporting Files */ = {
			isa = PBXGroup;
			children = (
				970E81221B7DB32D00D795EB /* AmericanChronicle-Bridging-Header.h */,
				97BDE1131B76ED6B00A3E57F /* Info.plist */,
			);
			name = "Supporting Files";
			sourceTree = "<group>";
		};
		97BDE1291B76ED6B00A3E57F /* AmericanChronicleTests */ = {
			isa = PBXGroup;
			children = (
				976D6EB31C0259B300EF2B03 /* JSON_Samples */,
				970782391BC4DD0900D23517 /* PDF_Samples */,
				97BDE12A1B76ED6B00A3E57F /* Supporting Files */,
				977F109E1BA54BCA003BEF11 /* Fakes */,
				9782361E1B8000CE0056FDF6 /* YearSliderTests.swift */,
				9725E5B71BDC784100E74370 /* Services */,
				978E9B121BAF9F380001690C /* Modules */,
				9739FE311BA28A04009ACD94 /* AlamofireIntegrationTests.swift */,
				977F10941BA50B53003BEF11 /* TestURLProtocol.swift */,
			);
			path = AmericanChronicleTests;
			sourceTree = "<group>";
		};
		97BDE12A1B76ED6B00A3E57F /* Supporting Files */ = {
			isa = PBXGroup;
			children = (
				97BDE12B1B76ED6B00A3E57F /* Info.plist */,
			);
			name = "Supporting Files";
			sourceTree = "<group>";
		};
		97EAC1D81B9D291E00956EBC /* Classes */ = {
			isa = PBXGroup;
			children = (
				97AB2A4E1B842A9900666E95 /* App-wide */,
				97EAC1D91B9D295700956EBC /* Modules */,
			);
			name = Classes;
			sourceTree = "<group>";
		};
		97EAC1D91B9D295700956EBC /* Modules */ = {
			isa = PBXGroup;
			children = (
				97AB2A4B1B84277300666E95 /* Home */,
				97AB2A4D1B84298700666E95 /* Browse */,
				97EBC8361B863B5000B360E0 /* Search Filters */,
				97AB2A4C1B84278400666E95 /* Search */,
				97AB2A4F1B842B4F00666E95 /* Page */,
			);
			name = Modules;
			sourceTree = "<group>";
		};
		97EBC8361B863B5000B360E0 /* Search Filters */ = {
			isa = PBXGroup;
			children = (
				977F0A5A1B7FC58200C4B0FC /* CalendarViewDelegate.swift */,
				977F0A5C1B7FC5BA00C4B0FC /* CalendarViewDataSource.swift */,
				9782361A1B7FD1F00056FDF6 /* SearchFilters.swift */,
				97BE67491B7B004B00761033 /* SearchFiltersViewController.swift */,
				97A7D9AD1B866E7E00DDBF59 /* SearchFiltersViewController.xib */,
				977F0A561B7FC3E700C4B0FC /* DatePickerViewController.swift */,
				977F0A571B7FC3E700C4B0FC /* DatePickerViewController.xib */,
				9782361C1B7FFCF80056FDF6 /* YearSlider.swift */,
				9790826E1B8135150056CA9C /* LocationSearchViewController.swift */,
				9790826F1B8135150056CA9C /* LocationSearchViewController.xib */,
			);
			name = "Search Filters";
			sourceTree = "<group>";
		};
/* End PBXGroup section */

/* Begin PBXNativeTarget section */
		97BDE10E1B76ED6B00A3E57F /* AmericanChronicle */ = {
			isa = PBXNativeTarget;
			buildConfigurationList = 97BDE1301B76ED6B00A3E57F /* Build configuration list for PBXNativeTarget "AmericanChronicle" */;
			buildPhases = (
				97BDE10B1B76ED6B00A3E57F /* Sources */,
				97BDE10C1B76ED6B00A3E57F /* Frameworks */,
				97BDE10D1B76ED6B00A3E57F /* Resources */,
				970A00C81BABB1BD00B3BB87 /* Carthage - Copy Frameworks */,
				970A00C91BABB27800B3BB87 /* Copy Files */,
			);
			buildRules = (
			);
			dependencies = (
			);
			name = AmericanChronicle;
			productName = AmericanChronicle;
			productReference = 97BDE10F1B76ED6B00A3E57F /* AmericanChronicle.app */;
			productType = "com.apple.product-type.application";
		};
		97BDE1251B76ED6B00A3E57F /* AmericanChronicleTests */ = {
			isa = PBXNativeTarget;
			buildConfigurationList = 97BDE1331B76ED6B00A3E57F /* Build configuration list for PBXNativeTarget "AmericanChronicleTests" */;
			buildPhases = (
				97BDE1221B76ED6B00A3E57F /* Sources */,
				97BDE1231B76ED6B00A3E57F /* Frameworks */,
				97BDE1241B76ED6B00A3E57F /* Resources */,
			);
			buildRules = (
			);
			dependencies = (
				97BDE1281B76ED6B00A3E57F /* PBXTargetDependency */,
			);
			name = AmericanChronicleTests;
			productName = AmericanChronicleTests;
			productReference = 97BDE1261B76ED6B00A3E57F /* AmericanChronicleTests.xctest */;
			productType = "com.apple.product-type.bundle.unit-test";
		};
/* End PBXNativeTarget section */

/* Begin PBXProject section */
		97BDE1071B76ED6B00A3E57F /* Project object */ = {
			isa = PBXProject;
			attributes = {
				LastSwiftMigration = 0700;
				LastSwiftUpdateCheck = 0700;
				LastUpgradeCheck = 0700;
				ORGANIZATIONNAME = ryanipete;
				TargetAttributes = {
					97BDE10E1B76ED6B00A3E57F = {
						CreatedOnToolsVersion = 6.4;
						DevelopmentTeam = NZMN2ALEXL;
					};
					97BDE1251B76ED6B00A3E57F = {
						CreatedOnToolsVersion = 6.4;
						TestTargetID = 97BDE10E1B76ED6B00A3E57F;
					};
				};
			};
			buildConfigurationList = 97BDE10A1B76ED6B00A3E57F /* Build configuration list for PBXProject "AmericanChronicle" */;
			compatibilityVersion = "Xcode 3.2";
			developmentRegion = English;
			hasScannedForEncodings = 0;
			knownRegions = (
				en,
				Base,
			);
			mainGroup = 97BDE1061B76ED6B00A3E57F;
			productRefGroup = 97BDE1101B76ED6B00A3E57F /* Products */;
			projectDirPath = "";
			projectRoot = "";
			targets = (
				97BDE10E1B76ED6B00A3E57F /* AmericanChronicle */,
				97BDE1251B76ED6B00A3E57F /* AmericanChronicleTests */,
			);
		};
/* End PBXProject section */

/* Begin PBXResourcesBuildPhase section */
		97BDE10D1B76ED6B00A3E57F /* Resources */ = {
			isa = PBXResourcesBuildPhase;
			buildActionMask = 2147483647;
			files = (
				971C2CD91B9BC94F00F00323 /* Browse.storyboard in Resources */,
				979082711B8135150056CA9C /* LocationSearchViewController.xib in Resources */,
				97BDE11C1B76ED6B00A3E57F /* Home.storyboard in Resources */,
				97FC5EA91BABD04B0097CB29 /* copy_dsyms.rb in Resources */,
				97A7D9AE1B866E7E00DDBF59 /* SearchFiltersViewController.xib in Resources */,
				97D3F84A1B994B5E008B8D81 /* Page.storyboard in Resources */,
				977F0A591B7FC3E700C4B0FC /* DatePickerViewController.xib in Resources */,
				978D11561B956EAA003B98C5 /* Search.storyboard in Resources */,
				97BDE1211B76ED6B00A3E57F /* LaunchScreen.xib in Resources */,
				97BDE11E1B76ED6B00A3E57F /* Images.xcassets in Resources */,
			);
			runOnlyForDeploymentPostprocessing = 0;
		};
		97BDE1241B76ED6B00A3E57F /* Resources */ = {
			isa = PBXResourcesBuildPhase;
			buildActionMask = 2147483647;
			files = (
				976D6EB61C0259B300EF2B03 /* ocr_coordinates-response.json in Resources */,
				9707823C1BC4DD0900D23517 /* seq-1.pdf in Resources */,
				9707823D1BC4DD0900D23517 /* seq-18.pdf in Resources */,
				976D6EB71C0259B300EF2B03 /* search_pages-response.json in Resources */,
			);
			runOnlyForDeploymentPostprocessing = 0;
		};
/* End PBXResourcesBuildPhase section */

/* Begin PBXShellScriptBuildPhase section */
		970A00C81BABB1BD00B3BB87 /* Carthage - Copy Frameworks */ = {
			isa = PBXShellScriptBuildPhase;
			buildActionMask = 2147483647;
			files = (
			);
			inputPaths = (
				"$(SRCROOT)/Carthage/Build/iOS/Alamofire.framework",
				"$(SRCROOT)/Carthage/Build/iOS/AlamofireObjectMapper.framework",
				"$(SRCROOT)/Carthage/Build/iOS/FSCalendar.framework",
				"$(SRCROOT)/Carthage/Build/iOS/ObjectMapper.framework",
				"$(SRCROOT)/Carthage/Build/iOS/SnapKit.framework",
				"$(SRCROOT)/Carthage/Build/iOS/WebImage.framework",
			);
			name = "Carthage - Copy Frameworks";
			outputPaths = (
			);
			runOnlyForDeploymentPostprocessing = 0;
			shellPath = /bin/sh;
			shellScript = "/usr/local/bin/carthage copy-frameworks";
		};
/* End PBXShellScriptBuildPhase section */

/* Begin PBXSourcesBuildPhase section */
		97BDE10B1B76ED6B00A3E57F /* Sources */ = {
			isa = PBXSourcesBuildPhase;
			buildActionMask = 2147483647;
			files = (
				97963F921BCC7ACE00248942 /* NSFileManager+AMC.swift in Sources */,
				979BF8211B928697006482F1 /* NewspaperPage.swift in Sources */,
				972613DD1C024EF500EDF550 /* OCRCoordinatesDataManager.swift in Sources */,
				978236191B7FD0D00056FDF6 /* ChroniclingAmericaEndpoint.swift in Sources */,
				97BDE1191B76ED6B00A3E57F /* NewspaperIssuesViewController.swift in Sources */,
				97DFA8041B903025006578CF /* NewspaperIssueCell.swift in Sources */,
				97963F961BCC84D700248942 /* SearchDataManager.swift in Sources */,
				978E9B1C1BAFB29E0001690C /* String+AMC.swift in Sources */,
				97EAC1DB1B9D2DB600956EBC /* SearchWireframe.swift in Sources */,
				977F0A5B1B7FC58200C4B0FC /* CalendarViewDelegate.swift in Sources */,
				974BA36C1B892DD500D7ACA2 /* Newspaper.swift in Sources */,
				974BA36E1B89343A00D7ACA2 /* StateName.swift in Sources */,
				974E4FBE1BAF61FC006A8231 /* LoggingURLProtocol.swift in Sources */,
				977F0A5D1B7FC5BA00C4B0FC /* CalendarViewDataSource.swift in Sources */,
				977F0A581B7FC3E700C4B0FC /* DatePickerViewController.swift in Sources */,
				97BDE1391B7703CA00A3E57F /* PageViewController.swift in Sources */,
				97ED42CC1BDD879300884B3E /* NSError+AMC.swift in Sources */,
				97963F8E1BCC792400248942 /* Manager+AMC.swift in Sources */,
				978E95D81BEF2E9E00A4E71E /* CachedSearchResultsService.swift in Sources */,
				978E9B171BAFA5400001690C /* SearchResult.swift in Sources */,
				97963F8A1BCC784000248942 /* PageService.swift in Sources */,
				979E20751BD2F669007C7F5F /* SearchModuleDependencies.swift in Sources */,
				978D11581B956F2D003B98C5 /* SearchField.swift in Sources */,
				9725E5B21BDC547800E74370 /* CachedPageService.swift in Sources */,
				974BA36A1B892D8900D7ACA2 /* Location.swift in Sources */,
				979082701B8135150056CA9C /* LocationSearchViewController.swift in Sources */,
				9787414B1B7835C30014D1F0 /* NewspaperPagesPreviewDelegate.swift in Sources */,
				97EAC1DF1B9D3E0300956EBC /* RootWireframe.swift in Sources */,
				974BA3661B892D3400D7ACA2 /* State.swift in Sources */,
				970492191BC4D898001DA2DE /* PageView.swift in Sources */,
				979E20731BD2B8CD007C7F5F /* PageDataManager.swift in Sources */,
				97DFA8021B9026C8006578CF /* NewspaperIssue.swift in Sources */,
				97BE674A1B7B004B00761033 /* SearchFiltersViewController.swift in Sources */,
				978E9B1A1BAFA6360001690C /* SearchResults.swift in Sources */,
				9764976D1B7DA0270035A388 /* Month.swift in Sources */,
				97415AE41B785D8400326239 /* CustomSegueNavigationController.swift in Sources */,
				97EAC1E31B9D434800956EBC /* SearchInteractor.swift in Sources */,
				9782361D1B7FFCF80056FDF6 /* YearSlider.swift in Sources */,
				974BA3681B892D5200D7ACA2 /* City.swift in Sources */,
				978E9B151BAFA3950001690C /* DelayedSearch.swift in Sources */,
				97B829331BC08C5700B35538 /* PDFPageView.swift in Sources */,
				976D6EB01C02543C00EF2B03 /* OCRCoordinates.swift in Sources */,
				97EAC1DD1B9D2F0C00956EBC /* SearchPresenter.swift in Sources */,
				97C99FB81B96BAC5001310DE /* SearchFieldCell.swift in Sources */,
				975355681BF5A8550028B7FD /* KeyboardService.swift in Sources */,
				97BDE1171B76ED6B00A3E57F /* HomeViewController.swift in Sources */,
				97F707D11BB8AE8F00A3D760 /* PagePresenter.swift in Sources */,
				972613DF1C024F1700EDF550 /* OCRCoordinatesService.swift in Sources */,
				9721FDC91B93FF26006798B2 /* Style.swift in Sources */,
				9782361B1B7FD1F00056FDF6 /* SearchFilters.swift in Sources */,
				978741471B7832660014D1F0 /* NewspaperPagesDataSource.swift in Sources */,
				97415ADE1B7847AE00326239 /* NewspaperPageCell.swift in Sources */,
				979E20771BD3058A007C7F5F /* PageModuleDependencies.swift in Sources */,
				9721FDCB1B940EE7006798B2 /* TableHeaderView.swift in Sources */,
				97EAC1E11B9D3FDF00956EBC /* HomeWireframe.swift in Sources */,
				97BDE13B1B771B4800A3E57F /* NewspaperPagesViewController.swift in Sources */,
				97BDE1371B76F84F00A3E57F /* SearchViewController.swift in Sources */,
				9725E5B41BDC571600E74370 /* SearchResultsRow.swift in Sources */,
				97963F901BCC795D00248942 /* Request+AMC.swift in Sources */,
				978D11541B955C39003B98C5 /* UIAppearance+AMC.m in Sources */,
				97963F941BCC7BFE00248942 /* SearchPagesService.swift in Sources */,
				9704921B1BC4D8C4001DA2DE /* CGPDFPageRef+AMC.swift in Sources */,
				975914AA1B7A47C40031BD13 /* SearchResultsPageCell.swift in Sources */,
				97789B941BB10206000B298C /* PageInteractor.swift in Sources */,
				97415AE21B785AAE00326239 /* NewspaperPageUnfocusSegue.swift in Sources */,
				97963F871BCC31D700248942 /* PageWireframe.swift in Sources */,
				97BDE1151B76ED6B00A3E57F /* AppDelegate.swift in Sources */,
			);
			runOnlyForDeploymentPostprocessing = 0;
		};
		97BDE1221B76ED6B00A3E57F /* Sources */ = {
			isa = PBXSourcesBuildPhase;
			buildActionMask = 2147483647;
			files = (
				97DD1C5A1BEFFEF100A67538 /* FakeSearchInteractorDelegate.swift in Sources */,
				9782361F1B8000CE0056FDF6 /* YearSliderTests.swift in Sources */,
				97DD1C5C1BEFFF4800A67538 /* FakeDelayedSearchFactory.swift in Sources */,
				97E744181BD750D700963C62 /* PageServiceTests.swift in Sources */,
				97597C1E1BF8025300363A00 /* KeyboardServiceTests.swift in Sources */,
				97DD1C581BEFFEAC00A67538 /* FakeSearchDataManager.swift in Sources */,
				97DD1C5E1BF0002700A67538 /* FakeSearchWireframe.swift in Sources */,
				97F622031BE9E94000F0DB63 /* DelayedSearchTests.swift in Sources */,
				97DB4FAD1C02E2990091F33D /* OCRCoordinatesServiceTests.swift in Sources */,
				97789B961BB10316000B298C /* PageInteractorTests.swift in Sources */,
				977F109B1BA54A98003BEF11 /* FakeViewController.swift in Sources */,
				979E207A1BD30E40007C7F5F /* FakePageService.swift in Sources */,
				977F10A21BA54C62003BEF11 /* FakeSearchInteractor.swift in Sources */,
				97369DCE1BD45B5A0090EC38 /* SearchDataManagerTests.swift in Sources */,
				97C02B011B9E51FA00126611 /* SearchPresenterTests.swift in Sources */,
				977F10991BA51B86003BEF11 /* TestURLProtocol.swift in Sources */,
				97C02B031B9E5B3E00126611 /* SearchWireframeTests.swift in Sources */,
				97DD1C561BEFFE7A00A67538 /* FakeDelayedSearch.swift in Sources */,
				9762A0901BB0E19D002A57C8 /* FakeSearchView.swift in Sources */,
				976D6EB21C02588800EF2B03 /* OCRCoordinatesTests.swift in Sources */,
				97FE01521BDC48C00098E45F /* PageWireframeTests.swift in Sources */,
				9767C7331BBA518400F5CBEC /* PagePresenterTests.swift in Sources */,
				9725E5B61BDC783600E74370 /* SearchPagesServiceTests.swift in Sources */,
				97924DF61BDC14F30035E5F6 /* PageDataManagerTests.swift in Sources */,
				977F109D1BA54B1A003BEF11 /* FakeSearchPresenter.swift in Sources */,
				97CC38511BB0EB1800E1B67A /* SearchResultTests.swift in Sources */,
				9739FE321BA28A04009ACD94 /* AlamofireIntegrationTests.swift in Sources */,
				97EAC1E51B9D442800956EBC /* SearchInteractorTests.swift in Sources */,
				977F10A01BA54C14003BEF11 /* FakeSearchPagesService.swift in Sources */,
			);
			runOnlyForDeploymentPostprocessing = 0;
		};
/* End PBXSourcesBuildPhase section */

/* Begin PBXTargetDependency section */
		97BDE1281B76ED6B00A3E57F /* PBXTargetDependency */ = {
			isa = PBXTargetDependency;
			target = 97BDE10E1B76ED6B00A3E57F /* AmericanChronicle */;
			targetProxy = 97BDE1271B76ED6B00A3E57F /* PBXContainerItemProxy */;
		};
/* End PBXTargetDependency section */

/* Begin PBXVariantGroup section */
		97BDE11A1B76ED6B00A3E57F /* Home.storyboard */ = {
			isa = PBXVariantGroup;
			children = (
				97BDE11B1B76ED6B00A3E57F /* Base */,
			);
			name = Home.storyboard;
			sourceTree = "<group>";
		};
		97BDE11F1B76ED6B00A3E57F /* LaunchScreen.xib */ = {
			isa = PBXVariantGroup;
			children = (
				97BDE1201B76ED6B00A3E57F /* Base */,
			);
			name = LaunchScreen.xib;
			sourceTree = "<group>";
		};
/* End PBXVariantGroup section */

/* Begin XCBuildConfiguration section */
		97BDE12E1B76ED6B00A3E57F /* Debug */ = {
			isa = XCBuildConfiguration;
			buildSettings = {
				ALWAYS_SEARCH_USER_PATHS = NO;
				CLANG_CXX_LANGUAGE_STANDARD = "gnu++0x";
				CLANG_CXX_LIBRARY = "libc++";
				CLANG_ENABLE_MODULES = YES;
				CLANG_ENABLE_OBJC_ARC = YES;
				CLANG_WARN_BOOL_CONVERSION = YES;
				CLANG_WARN_CONSTANT_CONVERSION = YES;
				CLANG_WARN_DIRECT_OBJC_ISA_USAGE = YES_ERROR;
				CLANG_WARN_EMPTY_BODY = YES;
				CLANG_WARN_ENUM_CONVERSION = YES;
				CLANG_WARN_INT_CONVERSION = YES;
				CLANG_WARN_OBJC_ROOT_CLASS = YES_ERROR;
				CLANG_WARN_UNREACHABLE_CODE = YES;
				CLANG_WARN__DUPLICATE_METHOD_MATCH = YES;
				"CODE_SIGN_IDENTITY[sdk=iphoneos*]" = "iPhone Developer";
				COPY_PHASE_STRIP = NO;
				DEBUG_INFORMATION_FORMAT = "dwarf-with-dsym";
				ENABLE_STRICT_OBJC_MSGSEND = YES;
				ENABLE_TESTABILITY = YES;
				GCC_C_LANGUAGE_STANDARD = gnu99;
				GCC_DYNAMIC_NO_PIC = NO;
				GCC_NO_COMMON_BLOCKS = YES;
				GCC_OPTIMIZATION_LEVEL = 0;
				GCC_PREPROCESSOR_DEFINITIONS = (
					"DEBUG=1",
					"$(inherited)",
				);
				GCC_SYMBOLS_PRIVATE_EXTERN = NO;
				GCC_WARN_64_TO_32_BIT_CONVERSION = YES;
				GCC_WARN_ABOUT_RETURN_TYPE = YES_ERROR;
				GCC_WARN_UNDECLARED_SELECTOR = YES;
				GCC_WARN_UNINITIALIZED_AUTOS = YES_AGGRESSIVE;
				GCC_WARN_UNUSED_FUNCTION = YES;
				GCC_WARN_UNUSED_VARIABLE = YES;
				IPHONEOS_DEPLOYMENT_TARGET = 8.4;
				MTL_ENABLE_DEBUG_INFO = YES;
				ONLY_ACTIVE_ARCH = YES;
				SDKROOT = iphoneos;
				SWIFT_OPTIMIZATION_LEVEL = "-Onone";
			};
			name = Debug;
		};
		97BDE12F1B76ED6B00A3E57F /* Release */ = {
			isa = XCBuildConfiguration;
			buildSettings = {
				ALWAYS_SEARCH_USER_PATHS = NO;
				CLANG_CXX_LANGUAGE_STANDARD = "gnu++0x";
				CLANG_CXX_LIBRARY = "libc++";
				CLANG_ENABLE_MODULES = YES;
				CLANG_ENABLE_OBJC_ARC = YES;
				CLANG_WARN_BOOL_CONVERSION = YES;
				CLANG_WARN_CONSTANT_CONVERSION = YES;
				CLANG_WARN_DIRECT_OBJC_ISA_USAGE = YES_ERROR;
				CLANG_WARN_EMPTY_BODY = YES;
				CLANG_WARN_ENUM_CONVERSION = YES;
				CLANG_WARN_INT_CONVERSION = YES;
				CLANG_WARN_OBJC_ROOT_CLASS = YES_ERROR;
				CLANG_WARN_UNREACHABLE_CODE = YES;
				CLANG_WARN__DUPLICATE_METHOD_MATCH = YES;
				"CODE_SIGN_IDENTITY[sdk=iphoneos*]" = "iPhone Developer";
				COPY_PHASE_STRIP = NO;
				DEBUG_INFORMATION_FORMAT = "dwarf-with-dsym";
				ENABLE_NS_ASSERTIONS = NO;
				ENABLE_STRICT_OBJC_MSGSEND = YES;
				GCC_C_LANGUAGE_STANDARD = gnu99;
				GCC_NO_COMMON_BLOCKS = YES;
				GCC_WARN_64_TO_32_BIT_CONVERSION = YES;
				GCC_WARN_ABOUT_RETURN_TYPE = YES_ERROR;
				GCC_WARN_UNDECLARED_SELECTOR = YES;
				GCC_WARN_UNINITIALIZED_AUTOS = YES_AGGRESSIVE;
				GCC_WARN_UNUSED_FUNCTION = YES;
				GCC_WARN_UNUSED_VARIABLE = YES;
				IPHONEOS_DEPLOYMENT_TARGET = 8.4;
				MTL_ENABLE_DEBUG_INFO = NO;
				SDKROOT = iphoneos;
				VALIDATE_PRODUCT = YES;
			};
			name = Release;
		};
		97BDE1311B76ED6B00A3E57F /* Debug */ = {
			isa = XCBuildConfiguration;
			buildSettings = {
				ASSETCATALOG_COMPILER_APPICON_NAME = AppIcon;
				CLANG_ENABLE_MODULES = YES;
				CODE_SIGN_IDENTITY = "iPhone Developer";
				"CODE_SIGN_IDENTITY[sdk=iphoneos*]" = "iPhone Developer";
				FRAMEWORK_SEARCH_PATHS = (
					"$(inherited)",
					"$(PROJECT_DIR)/Carthage/Build/iOS",
				);
				INFOPLIST_FILE = AmericanChronicle/Info.plist;
				LD_RUNPATH_SEARCH_PATHS = "$(inherited) @executable_path/Frameworks";
				PRODUCT_BUNDLE_IDENTIFIER = "com.ryanipete.$(PRODUCT_NAME:rfc1034identifier)";
				PRODUCT_NAME = "$(TARGET_NAME)";
				PROVISIONING_PROFILE = "";
				SWIFT_OBJC_BRIDGING_HEADER = "AmericanChronicle/AmericanChronicle-Bridging-Header.h";
				SWIFT_OPTIMIZATION_LEVEL = "-Onone";
			};
			name = Debug;
		};
		97BDE1321B76ED6B00A3E57F /* Release */ = {
			isa = XCBuildConfiguration;
			buildSettings = {
				ASSETCATALOG_COMPILER_APPICON_NAME = AppIcon;
				CLANG_ENABLE_MODULES = YES;
				CODE_SIGN_IDENTITY = "iPhone Developer";
				"CODE_SIGN_IDENTITY[sdk=iphoneos*]" = "iPhone Developer";
				FRAMEWORK_SEARCH_PATHS = (
					"$(inherited)",
					"$(PROJECT_DIR)/Carthage/Build/iOS",
				);
				INFOPLIST_FILE = AmericanChronicle/Info.plist;
				LD_RUNPATH_SEARCH_PATHS = "$(inherited) @executable_path/Frameworks";
				PRODUCT_BUNDLE_IDENTIFIER = "com.ryanipete.$(PRODUCT_NAME:rfc1034identifier)";
				PRODUCT_NAME = "$(TARGET_NAME)";
				PROVISIONING_PROFILE = "";
				SWIFT_OBJC_BRIDGING_HEADER = "AmericanChronicle/AmericanChronicle-Bridging-Header.h";
			};
			name = Release;
		};
		97BDE1341B76ED6B00A3E57F /* Debug */ = {
			isa = XCBuildConfiguration;
			buildSettings = {
				BUNDLE_LOADER = "$(TEST_HOST)";
				FRAMEWORK_SEARCH_PATHS = (
					"$(inherited)",
					"$(PROJECT_DIR)/Carthage/Build/iOS",
				);
				GCC_PREPROCESSOR_DEFINITIONS = (
					"DEBUG=1",
					"$(inherited)",
				);
				INFOPLIST_FILE = AmericanChronicleTests/Info.plist;
				LD_RUNPATH_SEARCH_PATHS = "$(inherited) @executable_path/Frameworks @loader_path/Frameworks";
				PRODUCT_BUNDLE_IDENTIFIER = "com.ryanipete.$(PRODUCT_NAME:rfc1034identifier)";
				PRODUCT_NAME = "$(TARGET_NAME)";
				TEST_HOST = "$(BUILT_PRODUCTS_DIR)/AmericanChronicle.app/AmericanChronicle";
			};
			name = Debug;
		};
		97BDE1351B76ED6B00A3E57F /* Release */ = {
			isa = XCBuildConfiguration;
			buildSettings = {
				BUNDLE_LOADER = "$(TEST_HOST)";
				FRAMEWORK_SEARCH_PATHS = (
					"$(inherited)",
					"$(PROJECT_DIR)/Carthage/Build/iOS",
				);
				INFOPLIST_FILE = AmericanChronicleTests/Info.plist;
				LD_RUNPATH_SEARCH_PATHS = "$(inherited) @executable_path/Frameworks @loader_path/Frameworks";
				PRODUCT_BUNDLE_IDENTIFIER = "com.ryanipete.$(PRODUCT_NAME:rfc1034identifier)";
				PRODUCT_NAME = "$(TARGET_NAME)";
				TEST_HOST = "$(BUILT_PRODUCTS_DIR)/AmericanChronicle.app/AmericanChronicle";
			};
			name = Release;
		};
/* End XCBuildConfiguration section */

/* Begin XCConfigurationList section */
		97BDE10A1B76ED6B00A3E57F /* Build configuration list for PBXProject "AmericanChronicle" */ = {
			isa = XCConfigurationList;
			buildConfigurations = (
				97BDE12E1B76ED6B00A3E57F /* Debug */,
				97BDE12F1B76ED6B00A3E57F /* Release */,
			);
			defaultConfigurationIsVisible = 0;
			defaultConfigurationName = Release;
		};
		97BDE1301B76ED6B00A3E57F /* Build configuration list for PBXNativeTarget "AmericanChronicle" */ = {
			isa = XCConfigurationList;
			buildConfigurations = (
				97BDE1311B76ED6B00A3E57F /* Debug */,
				97BDE1321B76ED6B00A3E57F /* Release */,
			);
			defaultConfigurationIsVisible = 0;
			defaultConfigurationName = Release;
		};
		97BDE1331B76ED6B00A3E57F /* Build configuration list for PBXNativeTarget "AmericanChronicleTests" */ = {
			isa = XCConfigurationList;
			buildConfigurations = (
				97BDE1341B76ED6B00A3E57F /* Debug */,
				97BDE1351B76ED6B00A3E57F /* Release */,
			);
			defaultConfigurationIsVisible = 0;
			defaultConfigurationName = Release;
		};
/* End XCConfigurationList section */
	};
	rootObject = 97BDE1071B76ED6B00A3E57F /* Project object */;
}
